// !$*UTF8*$!
{
	archiveVersion = 1;
	classes = {
	};
	objectVersion = 51;
	objects = {

/* Begin PBXBuildFile section */
		9BDDB401BE2F36B0E1AEEF41 /* Pods_Travelly.framework in Frameworks */ = {isa = PBXBuildFile; fileRef = 92A1BE50488A5581B7F08CDF /* Pods_Travelly.framework */; };
		CE0E1BB62606A602004E8589 /* DataStorageProtocol.swift in Sources */ = {isa = PBXBuildFile; fileRef = CE0E1BB52606A602004E8589 /* DataStorageProtocol.swift */; };
		CE0E1BBA2606B6B8004E8589 /* RealmDataStorage.swift in Sources */ = {isa = PBXBuildFile; fileRef = CE0E1BB92606B6B8004E8589 /* RealmDataStorage.swift */; };
		CE0E1BCF2606CE7D004E8589 /* ServicesRegistrator.swift in Sources */ = {isa = PBXBuildFile; fileRef = CE0E1BCE2606CE7D004E8589 /* ServicesRegistrator.swift */; };
		CE0E1BD72606D78C004E8589 /* AuthData.swift in Sources */ = {isa = PBXBuildFile; fileRef = CE0E1BD62606D78C004E8589 /* AuthData.swift */; };
		CE28642B26281F960082FFCD /* HotelFilterProtocols.swift in Sources */ = {isa = PBXBuildFile; fileRef = CE28642A26281F960082FFCD /* HotelFilterProtocols.swift */; };
		CE298D98262C643B00E5DBDC /* HotelInfoProtocols.swift in Sources */ = {isa = PBXBuildFile; fileRef = CE298D97262C643B00E5DBDC /* HotelInfoProtocols.swift */; };
		CE298D9C262C648700E5DBDC /* HotelInfoPresenter.swift in Sources */ = {isa = PBXBuildFile; fileRef = CE298D9B262C648700E5DBDC /* HotelInfoPresenter.swift */; };
		CE298DA0262C649500E5DBDC /* HotelInfoViewController.swift in Sources */ = {isa = PBXBuildFile; fileRef = CE298D9F262C649500E5DBDC /* HotelInfoViewController.swift */; };
		CE298DA4262C64A800E5DBDC /* HotelInfoInteractor.swift in Sources */ = {isa = PBXBuildFile; fileRef = CE298DA3262C64A800E5DBDC /* HotelInfoInteractor.swift */; };
		CE298DA7262C64B400E5DBDC /* HotelInfoRouter.swift in Sources */ = {isa = PBXBuildFile; fileRef = CE298DA6262C64B400E5DBDC /* HotelInfoRouter.swift */; };
		CE298DAA262C64C100E5DBDC /* HotelInfoAssembly.swift in Sources */ = {isa = PBXBuildFile; fileRef = CE298DA9262C64C100E5DBDC /* HotelInfoAssembly.swift */; };
		CE298DAD262CFDF900E5DBDC /* HotelInfoData.swift in Sources */ = {isa = PBXBuildFile; fileRef = CE298DAC262CFDF900E5DBDC /* HotelInfoData.swift */; };
		CE2FEABA2618770D00AD5360 /* EditProfileData.swift in Sources */ = {isa = PBXBuildFile; fileRef = CE2FEAB92618770D00AD5360 /* EditProfileData.swift */; };
		CE2FEABD2618781500AD5360 /* EditProfileViewController.swift in Sources */ = {isa = PBXBuildFile; fileRef = CE2FEABC2618781500AD5360 /* EditProfileViewController.swift */; };
		CE2FEAC02618792700AD5360 /* EditProfilePresenter.swift in Sources */ = {isa = PBXBuildFile; fileRef = CE2FEABF2618792700AD5360 /* EditProfilePresenter.swift */; };
		CE2FEAC32618795100AD5360 /* EditProfileInteractor.swift in Sources */ = {isa = PBXBuildFile; fileRef = CE2FEAC22618795100AD5360 /* EditProfileInteractor.swift */; };
		CE2FEAC62618799700AD5360 /* EditProfileRouter.swift in Sources */ = {isa = PBXBuildFile; fileRef = CE2FEAC52618799700AD5360 /* EditProfileRouter.swift */; };
		CE2FEAC9261879AB00AD5360 /* EditProfileAssembly.swift in Sources */ = {isa = PBXBuildFile; fileRef = CE2FEAC8261879AB00AD5360 /* EditProfileAssembly.swift */; };
		CE30094F2629B8D500CBF86D /* HotelTableViewCell.swift in Sources */ = {isa = PBXBuildFile; fileRef = CE30094E2629B8D500CBF86D /* HotelTableViewCell.swift */; };
		CE39863426109FA100267569 /* Views.swift in Sources */ = {isa = PBXBuildFile; fileRef = CE39863326109FA100267569 /* Views.swift */; };
		CE3986412610BEFA00267569 /* ImageLoaderProtocol.swift in Sources */ = {isa = PBXBuildFile; fileRef = CE3986402610BEFA00267569 /* ImageLoaderProtocol.swift */; };
		CE3986452610C02400267569 /* KingfisherImageLoader.swift in Sources */ = {isa = PBXBuildFile; fileRef = CE3986442610C02400267569 /* KingfisherImageLoader.swift */; };
		CE4647962608ECA700359F91 /* ProfileProtocols.swift in Sources */ = {isa = PBXBuildFile; fileRef = CE4647952608ECA700359F91 /* ProfileProtocols.swift */; };
		CE46479A2608ED7900359F91 /* ProfileData.swift in Sources */ = {isa = PBXBuildFile; fileRef = CE4647992608ED7900359F91 /* ProfileData.swift */; };
		CE46479E2608EF3D00359F91 /* ProfileViewController.swift in Sources */ = {isa = PBXBuildFile; fileRef = CE46479D2608EF3D00359F91 /* ProfileViewController.swift */; };
		CE4647A22608F0A800359F91 /* ProfilePresenter.swift in Sources */ = {isa = PBXBuildFile; fileRef = CE4647A12608F0A800359F91 /* ProfilePresenter.swift */; };
		CE4647A52608F0CC00359F91 /* ProfileInteractor.swift in Sources */ = {isa = PBXBuildFile; fileRef = CE4647A42608F0CC00359F91 /* ProfileInteractor.swift */; };
		CE4647A82608F0F900359F91 /* ProfileRouter.swift in Sources */ = {isa = PBXBuildFile; fileRef = CE4647A72608F0F900359F91 /* ProfileRouter.swift */; };
		CE4647AB2608F10A00359F91 /* ProfileAssembly.swift in Sources */ = {isa = PBXBuildFile; fileRef = CE4647AA2608F10A00359F91 /* ProfileAssembly.swift */; };
		CE483F4A25E70E9B00806B44 /* NetworkProtocol.swift in Sources */ = {isa = PBXBuildFile; fileRef = CE483F4925E70E9B00806B44 /* NetworkProtocol.swift */; };
		CE483F4D25E70F0100806B44 /* AlamofireNetworkService.swift in Sources */ = {isa = PBXBuildFile; fileRef = CE483F4C25E70F0100806B44 /* AlamofireNetworkService.swift */; };
		CE4B765525E13DC000E4D8EC /* SwinjectContainer.swift in Sources */ = {isa = PBXBuildFile; fileRef = CE4B765425E13DC000E4D8EC /* SwinjectContainer.swift */; };
		CE4B765825E13F5600E4D8EC /* DependencyContainerProtocol.swift in Sources */ = {isa = PBXBuildFile; fileRef = CE4B765725E13F5600E4D8EC /* DependencyContainerProtocol.swift */; };
		CE4B766225E1504C00E4D8EC /* DependencyRegistratorProtocol.swift in Sources */ = {isa = PBXBuildFile; fileRef = CE4B766125E1504C00E4D8EC /* DependencyRegistratorProtocol.swift */; };
		CE57F60A2617A85C00706327 /* EditProfileProtocols.swift in Sources */ = {isa = PBXBuildFile; fileRef = CE57F6092617A85C00706327 /* EditProfileProtocols.swift */; };
		CE6829C025E836EC00D894E4 /* NetworkConfig.swift in Sources */ = {isa = PBXBuildFile; fileRef = CE6829BF25E836EC00D894E4 /* NetworkConfig.swift */; };
		CE6829C325E8526D00D894E4 /* LoginProtocols.swift in Sources */ = {isa = PBXBuildFile; fileRef = CE6829C225E8526D00D894E4 /* LoginProtocols.swift */; };
		CE6829C625E8571000D894E4 /* LoginPresenter.swift in Sources */ = {isa = PBXBuildFile; fileRef = CE6829C525E8571000D894E4 /* LoginPresenter.swift */; };
		CE6829C925E8572E00D894E4 /* LoginRouter.swift in Sources */ = {isa = PBXBuildFile; fileRef = CE6829C825E8572E00D894E4 /* LoginRouter.swift */; };
		CE6829CC25E857F300D894E4 /* LoginInteractor.swift in Sources */ = {isa = PBXBuildFile; fileRef = CE6829CB25E857F300D894E4 /* LoginInteractor.swift */; };
		CE6829CF25E8583200D894E4 /* LoginData.swift in Sources */ = {isa = PBXBuildFile; fileRef = CE6829CE25E8583200D894E4 /* LoginData.swift */; };
		CE6829D225E858E900D894E4 /* LoginAssembly.swift in Sources */ = {isa = PBXBuildFile; fileRef = CE6829D125E858E900D894E4 /* LoginAssembly.swift */; };
		CE6BC3C02611D3BA00E27653 /* ProfileOptionTableViewCell.swift in Sources */ = {isa = PBXBuildFile; fileRef = CE6BC3BF2611D3BA00E27653 /* ProfileOptionTableViewCell.swift */; };
		CE8C9DA826272BE6003E9563 /* ImageHostingServiceProtocol.swift in Sources */ = {isa = PBXBuildFile; fileRef = CE8C9DA726272BE6003E9563 /* ImageHostingServiceProtocol.swift */; };
		CE8C9DAC26272C71003E9563 /* CloudinaryImageHostingService.swift in Sources */ = {isa = PBXBuildFile; fileRef = CE8C9DAB26272C71003E9563 /* CloudinaryImageHostingService.swift */; };
		CE8F201925DC636300B508D8 /* AuthViewController.swift in Sources */ = {isa = PBXBuildFile; fileRef = CE8F201825DC636300B508D8 /* AuthViewController.swift */; };
		CE8F201C25DC637900B508D8 /* AuthProtocols.swift in Sources */ = {isa = PBXBuildFile; fileRef = CE8F201B25DC637900B508D8 /* AuthProtocols.swift */; };
		CE8F201F25DC638500B508D8 /* AuthPresenter.swift in Sources */ = {isa = PBXBuildFile; fileRef = CE8F201E25DC638500B508D8 /* AuthPresenter.swift */; };
		CE8F202225DC639100B508D8 /* AuthAssembly.swift in Sources */ = {isa = PBXBuildFile; fileRef = CE8F202125DC639100B508D8 /* AuthAssembly.swift */; };
		CE8F202525DC639E00B508D8 /* AuthRouter.swift in Sources */ = {isa = PBXBuildFile; fileRef = CE8F202425DC639E00B508D8 /* AuthRouter.swift */; };
		CE8F202A25DC672A00B508D8 /* Buttons.swift in Sources */ = {isa = PBXBuildFile; fileRef = CE8F202925DC672A00B508D8 /* Buttons.swift */; };
		CE94DA962627A9EA0029D768 /* HotelFeedProtocols.swift in Sources */ = {isa = PBXBuildFile; fileRef = CE94DA952627A9EA0029D768 /* HotelFeedProtocols.swift */; };
		CE94DA9A2627AACD0029D768 /* HotelFeedViewController.swift in Sources */ = {isa = PBXBuildFile; fileRef = CE94DA992627AACD0029D768 /* HotelFeedViewController.swift */; };
		CE94DA9D2627AB4A0029D768 /* HotelFeedPresenter.swift in Sources */ = {isa = PBXBuildFile; fileRef = CE94DA9C2627AB4A0029D768 /* HotelFeedPresenter.swift */; };
		CE94DAA02627AB590029D768 /* HotelFeedInteractor.swift in Sources */ = {isa = PBXBuildFile; fileRef = CE94DA9F2627AB590029D768 /* HotelFeedInteractor.swift */; };
		CE94DAA32627AB680029D768 /* HotelFeedRouter.swift in Sources */ = {isa = PBXBuildFile; fileRef = CE94DAA22627AB680029D768 /* HotelFeedRouter.swift */; };
		CE94DAA62627AB810029D768 /* HotelFeedAssembly.swift in Sources */ = {isa = PBXBuildFile; fileRef = CE94DAA52627AB810029D768 /* HotelFeedAssembly.swift */; };
		CE94DAA92627C0BC0029D768 /* HotelFeedFilterViewController.swift in Sources */ = {isa = PBXBuildFile; fileRef = CE94DAA82627C0BC0029D768 /* HotelFeedFilterViewController.swift */; };
		CE94DAB02627C8B20029D768 /* HotelFeedData.swift in Sources */ = {isa = PBXBuildFile; fileRef = CE94DAAF2627C8B20029D768 /* HotelFeedData.swift */; };
		CE95B41725E07240008DA51C /* LoginViewController.swift in Sources */ = {isa = PBXBuildFile; fileRef = CE95B41625E07240008DA51C /* LoginViewController.swift */; };
		CEA6618C25D9BC7700998F66 /* RegisterViewController.swift in Sources */ = {isa = PBXBuildFile; fileRef = CEA6618B25D9BC7700998F66 /* RegisterViewController.swift */; };
		CEA6619025D9BC9900998F66 /* RegisterPresenter.swift in Sources */ = {isa = PBXBuildFile; fileRef = CEA6618F25D9BC9900998F66 /* RegisterPresenter.swift */; };
		CEA6619325D9BCAD00998F66 /* RegisterProtocols.swift in Sources */ = {isa = PBXBuildFile; fileRef = CEA6619225D9BCAD00998F66 /* RegisterProtocols.swift */; };
		CEA9AACC25E1B65200BBE98C /* RegisterData.swift in Sources */ = {isa = PBXBuildFile; fileRef = CEA9AACB25E1B65200BBE98C /* RegisterData.swift */; };
		CEA9AACF25E1B81100BBE98C /* RegisterRouter.swift in Sources */ = {isa = PBXBuildFile; fileRef = CEA9AACE25E1B81100BBE98C /* RegisterRouter.swift */; };
		CEA9AAD225E1B83400BBE98C /* RegisterInteractor.swift in Sources */ = {isa = PBXBuildFile; fileRef = CEA9AAD125E1B83400BBE98C /* RegisterInteractor.swift */; };
		CEA9AAD525E1BA3500BBE98C /* RegisterAssembly.swift in Sources */ = {isa = PBXBuildFile; fileRef = CEA9AAD425E1BA3500BBE98C /* RegisterAssembly.swift */; };
		CEA9AADA25E1C67A00BBE98C /* UITextFieldExtension.swift in Sources */ = {isa = PBXBuildFile; fileRef = CEA9AAD925E1C67A00BBE98C /* UITextFieldExtension.swift */; };
		CEA9AADE25E1C70200BBE98C /* TextFields.swift in Sources */ = {isa = PBXBuildFile; fileRef = CEA9AADD25E1C70200BBE98C /* TextFields.swift */; };
		CEE890F025D96D5F006EA513 /* AppDelegate.swift in Sources */ = {isa = PBXBuildFile; fileRef = CEE890EF25D96D5F006EA513 /* AppDelegate.swift */; };
		CEE890F225D96D5F006EA513 /* SceneDelegate.swift in Sources */ = {isa = PBXBuildFile; fileRef = CEE890F125D96D5F006EA513 /* SceneDelegate.swift */; };
		CEE890F425D96D5F006EA513 /* ViewController.swift in Sources */ = {isa = PBXBuildFile; fileRef = CEE890F325D96D5F006EA513 /* ViewController.swift */; };
		CEE890F925D96D63006EA513 /* Assets.xcassets in Resources */ = {isa = PBXBuildFile; fileRef = CEE890F825D96D63006EA513 /* Assets.xcassets */; };
		CEE890FC25D96D63006EA513 /* LaunchScreen.storyboard in Resources */ = {isa = PBXBuildFile; fileRef = CEE890FA25D96D63006EA513 /* LaunchScreen.storyboard */; };
		CEFBE9E1262361B800B12566 /* OptionsInteractor.swift in Sources */ = {isa = PBXBuildFile; fileRef = CEFBE9E0262361B800B12566 /* OptionsInteractor.swift */; };
		CEFD8DF8262BB132003B12D4 /* HotelFilterAssembly.swift in Sources */ = {isa = PBXBuildFile; fileRef = CEFD8DF7262BB132003B12D4 /* HotelFilterAssembly.swift */; };
/* End PBXBuildFile section */

/* Begin PBXFileReference section */
		5E5645290ADEB416C4D241CD /* Pods-Travelly.release.xcconfig */ = {isa = PBXFileReference; includeInIndex = 1; lastKnownFileType = text.xcconfig; name = "Pods-Travelly.release.xcconfig"; path = "Target Support Files/Pods-Travelly/Pods-Travelly.release.xcconfig"; sourceTree = "<group>"; };
		92A1BE50488A5581B7F08CDF /* Pods_Travelly.framework */ = {isa = PBXFileReference; explicitFileType = wrapper.framework; includeInIndex = 0; path = Pods_Travelly.framework; sourceTree = BUILT_PRODUCTS_DIR; };
		CE0E1BB52606A602004E8589 /* DataStorageProtocol.swift */ = {isa = PBXFileReference; lastKnownFileType = sourcecode.swift; path = DataStorageProtocol.swift; sourceTree = "<group>"; };
		CE0E1BB92606B6B8004E8589 /* RealmDataStorage.swift */ = {isa = PBXFileReference; lastKnownFileType = sourcecode.swift; path = RealmDataStorage.swift; sourceTree = "<group>"; };
		CE0E1BCE2606CE7D004E8589 /* ServicesRegistrator.swift */ = {isa = PBXFileReference; lastKnownFileType = sourcecode.swift; path = ServicesRegistrator.swift; sourceTree = "<group>"; };
		CE0E1BD62606D78C004E8589 /* AuthData.swift */ = {isa = PBXFileReference; lastKnownFileType = sourcecode.swift; path = AuthData.swift; sourceTree = "<group>"; };
		CE28642A26281F960082FFCD /* HotelFilterProtocols.swift */ = {isa = PBXFileReference; lastKnownFileType = sourcecode.swift; path = HotelFilterProtocols.swift; sourceTree = "<group>"; };
		CE298D97262C643B00E5DBDC /* HotelInfoProtocols.swift */ = {isa = PBXFileReference; lastKnownFileType = sourcecode.swift; path = HotelInfoProtocols.swift; sourceTree = "<group>"; };
		CE298D9B262C648700E5DBDC /* HotelInfoPresenter.swift */ = {isa = PBXFileReference; lastKnownFileType = sourcecode.swift; path = HotelInfoPresenter.swift; sourceTree = "<group>"; };
		CE298D9F262C649500E5DBDC /* HotelInfoViewController.swift */ = {isa = PBXFileReference; lastKnownFileType = sourcecode.swift; path = HotelInfoViewController.swift; sourceTree = "<group>"; };
		CE298DA3262C64A800E5DBDC /* HotelInfoInteractor.swift */ = {isa = PBXFileReference; lastKnownFileType = sourcecode.swift; path = HotelInfoInteractor.swift; sourceTree = "<group>"; };
		CE298DA6262C64B400E5DBDC /* HotelInfoRouter.swift */ = {isa = PBXFileReference; lastKnownFileType = sourcecode.swift; path = HotelInfoRouter.swift; sourceTree = "<group>"; };
		CE298DA9262C64C100E5DBDC /* HotelInfoAssembly.swift */ = {isa = PBXFileReference; lastKnownFileType = sourcecode.swift; path = HotelInfoAssembly.swift; sourceTree = "<group>"; };
		CE298DAC262CFDF900E5DBDC /* HotelInfoData.swift */ = {isa = PBXFileReference; lastKnownFileType = sourcecode.swift; path = HotelInfoData.swift; sourceTree = "<group>"; };
		CE2FEAB92618770D00AD5360 /* EditProfileData.swift */ = {isa = PBXFileReference; lastKnownFileType = sourcecode.swift; path = EditProfileData.swift; sourceTree = "<group>"; };
		CE2FEABC2618781500AD5360 /* EditProfileViewController.swift */ = {isa = PBXFileReference; lastKnownFileType = sourcecode.swift; path = EditProfileViewController.swift; sourceTree = "<group>"; };
		CE2FEABF2618792700AD5360 /* EditProfilePresenter.swift */ = {isa = PBXFileReference; lastKnownFileType = sourcecode.swift; path = EditProfilePresenter.swift; sourceTree = "<group>"; };
		CE2FEAC22618795100AD5360 /* EditProfileInteractor.swift */ = {isa = PBXFileReference; lastKnownFileType = sourcecode.swift; path = EditProfileInteractor.swift; sourceTree = "<group>"; };
		CE2FEAC52618799700AD5360 /* EditProfileRouter.swift */ = {isa = PBXFileReference; lastKnownFileType = sourcecode.swift; path = EditProfileRouter.swift; sourceTree = "<group>"; };
		CE2FEAC8261879AB00AD5360 /* EditProfileAssembly.swift */ = {isa = PBXFileReference; lastKnownFileType = sourcecode.swift; path = EditProfileAssembly.swift; sourceTree = "<group>"; };
		CE30094E2629B8D500CBF86D /* HotelTableViewCell.swift */ = {isa = PBXFileReference; lastKnownFileType = sourcecode.swift; path = HotelTableViewCell.swift; sourceTree = "<group>"; };
		CE39863326109FA100267569 /* Views.swift */ = {isa = PBXFileReference; lastKnownFileType = sourcecode.swift; path = Views.swift; sourceTree = "<group>"; };
		CE3986402610BEFA00267569 /* ImageLoaderProtocol.swift */ = {isa = PBXFileReference; lastKnownFileType = sourcecode.swift; path = ImageLoaderProtocol.swift; sourceTree = "<group>"; };
		CE3986442610C02400267569 /* KingfisherImageLoader.swift */ = {isa = PBXFileReference; lastKnownFileType = sourcecode.swift; path = KingfisherImageLoader.swift; sourceTree = "<group>"; };
		CE4647952608ECA700359F91 /* ProfileProtocols.swift */ = {isa = PBXFileReference; lastKnownFileType = sourcecode.swift; path = ProfileProtocols.swift; sourceTree = "<group>"; };
		CE4647992608ED7900359F91 /* ProfileData.swift */ = {isa = PBXFileReference; lastKnownFileType = sourcecode.swift; path = ProfileData.swift; sourceTree = "<group>"; };
		CE46479D2608EF3D00359F91 /* ProfileViewController.swift */ = {isa = PBXFileReference; lastKnownFileType = sourcecode.swift; path = ProfileViewController.swift; sourceTree = "<group>"; };
		CE4647A12608F0A800359F91 /* ProfilePresenter.swift */ = {isa = PBXFileReference; lastKnownFileType = sourcecode.swift; path = ProfilePresenter.swift; sourceTree = "<group>"; };
		CE4647A42608F0CC00359F91 /* ProfileInteractor.swift */ = {isa = PBXFileReference; lastKnownFileType = sourcecode.swift; path = ProfileInteractor.swift; sourceTree = "<group>"; };
		CE4647A72608F0F900359F91 /* ProfileRouter.swift */ = {isa = PBXFileReference; lastKnownFileType = sourcecode.swift; path = ProfileRouter.swift; sourceTree = "<group>"; };
		CE4647AA2608F10A00359F91 /* ProfileAssembly.swift */ = {isa = PBXFileReference; lastKnownFileType = sourcecode.swift; path = ProfileAssembly.swift; sourceTree = "<group>"; };
		CE483F4925E70E9B00806B44 /* NetworkProtocol.swift */ = {isa = PBXFileReference; lastKnownFileType = sourcecode.swift; path = NetworkProtocol.swift; sourceTree = "<group>"; };
		CE483F4C25E70F0100806B44 /* AlamofireNetworkService.swift */ = {isa = PBXFileReference; lastKnownFileType = sourcecode.swift; path = AlamofireNetworkService.swift; sourceTree = "<group>"; };
		CE4B765425E13DC000E4D8EC /* SwinjectContainer.swift */ = {isa = PBXFileReference; lastKnownFileType = sourcecode.swift; path = SwinjectContainer.swift; sourceTree = "<group>"; };
		CE4B765725E13F5600E4D8EC /* DependencyContainerProtocol.swift */ = {isa = PBXFileReference; lastKnownFileType = sourcecode.swift; path = DependencyContainerProtocol.swift; sourceTree = "<group>"; };
		CE4B766125E1504C00E4D8EC /* DependencyRegistratorProtocol.swift */ = {isa = PBXFileReference; lastKnownFileType = sourcecode.swift; path = DependencyRegistratorProtocol.swift; sourceTree = "<group>"; };
		CE57F6092617A85C00706327 /* EditProfileProtocols.swift */ = {isa = PBXFileReference; lastKnownFileType = sourcecode.swift; path = EditProfileProtocols.swift; sourceTree = "<group>"; };
		CE6829BF25E836EC00D894E4 /* NetworkConfig.swift */ = {isa = PBXFileReference; lastKnownFileType = sourcecode.swift; path = NetworkConfig.swift; sourceTree = "<group>"; };
		CE6829C225E8526D00D894E4 /* LoginProtocols.swift */ = {isa = PBXFileReference; lastKnownFileType = sourcecode.swift; path = LoginProtocols.swift; sourceTree = "<group>"; };
		CE6829C525E8571000D894E4 /* LoginPresenter.swift */ = {isa = PBXFileReference; lastKnownFileType = sourcecode.swift; path = LoginPresenter.swift; sourceTree = "<group>"; };
		CE6829C825E8572E00D894E4 /* LoginRouter.swift */ = {isa = PBXFileReference; lastKnownFileType = sourcecode.swift; path = LoginRouter.swift; sourceTree = "<group>"; };
		CE6829CB25E857F300D894E4 /* LoginInteractor.swift */ = {isa = PBXFileReference; lastKnownFileType = sourcecode.swift; path = LoginInteractor.swift; sourceTree = "<group>"; };
		CE6829CE25E8583200D894E4 /* LoginData.swift */ = {isa = PBXFileReference; lastKnownFileType = sourcecode.swift; path = LoginData.swift; sourceTree = "<group>"; };
		CE6829D125E858E900D894E4 /* LoginAssembly.swift */ = {isa = PBXFileReference; lastKnownFileType = sourcecode.swift; path = LoginAssembly.swift; sourceTree = "<group>"; };
		CE6BC3BF2611D3BA00E27653 /* ProfileOptionTableViewCell.swift */ = {isa = PBXFileReference; lastKnownFileType = sourcecode.swift; path = ProfileOptionTableViewCell.swift; sourceTree = "<group>"; };
		CE8C9DA726272BE6003E9563 /* ImageHostingServiceProtocol.swift */ = {isa = PBXFileReference; lastKnownFileType = sourcecode.swift; path = ImageHostingServiceProtocol.swift; sourceTree = "<group>"; };
		CE8C9DAB26272C71003E9563 /* CloudinaryImageHostingService.swift */ = {isa = PBXFileReference; lastKnownFileType = sourcecode.swift; path = CloudinaryImageHostingService.swift; sourceTree = "<group>"; };
		CE8F201825DC636300B508D8 /* AuthViewController.swift */ = {isa = PBXFileReference; lastKnownFileType = sourcecode.swift; path = AuthViewController.swift; sourceTree = "<group>"; };
		CE8F201B25DC637900B508D8 /* AuthProtocols.swift */ = {isa = PBXFileReference; lastKnownFileType = sourcecode.swift; path = AuthProtocols.swift; sourceTree = "<group>"; };
		CE8F201E25DC638500B508D8 /* AuthPresenter.swift */ = {isa = PBXFileReference; lastKnownFileType = sourcecode.swift; path = AuthPresenter.swift; sourceTree = "<group>"; };
		CE8F202125DC639100B508D8 /* AuthAssembly.swift */ = {isa = PBXFileReference; lastKnownFileType = sourcecode.swift; path = AuthAssembly.swift; sourceTree = "<group>"; };
		CE8F202425DC639E00B508D8 /* AuthRouter.swift */ = {isa = PBXFileReference; lastKnownFileType = sourcecode.swift; path = AuthRouter.swift; sourceTree = "<group>"; };
		CE8F202925DC672A00B508D8 /* Buttons.swift */ = {isa = PBXFileReference; lastKnownFileType = sourcecode.swift; path = Buttons.swift; sourceTree = "<group>"; };
		CE94DA952627A9EA0029D768 /* HotelFeedProtocols.swift */ = {isa = PBXFileReference; lastKnownFileType = sourcecode.swift; path = HotelFeedProtocols.swift; sourceTree = "<group>"; };
		CE94DA992627AACD0029D768 /* HotelFeedViewController.swift */ = {isa = PBXFileReference; lastKnownFileType = sourcecode.swift; path = HotelFeedViewController.swift; sourceTree = "<group>"; };
		CE94DA9C2627AB4A0029D768 /* HotelFeedPresenter.swift */ = {isa = PBXFileReference; lastKnownFileType = sourcecode.swift; path = HotelFeedPresenter.swift; sourceTree = "<group>"; };
		CE94DA9F2627AB590029D768 /* HotelFeedInteractor.swift */ = {isa = PBXFileReference; lastKnownFileType = sourcecode.swift; path = HotelFeedInteractor.swift; sourceTree = "<group>"; };
		CE94DAA22627AB680029D768 /* HotelFeedRouter.swift */ = {isa = PBXFileReference; lastKnownFileType = sourcecode.swift; path = HotelFeedRouter.swift; sourceTree = "<group>"; };
		CE94DAA52627AB810029D768 /* HotelFeedAssembly.swift */ = {isa = PBXFileReference; lastKnownFileType = sourcecode.swift; path = HotelFeedAssembly.swift; sourceTree = "<group>"; };
		CE94DAA82627C0BC0029D768 /* HotelFeedFilterViewController.swift */ = {isa = PBXFileReference; lastKnownFileType = sourcecode.swift; path = HotelFeedFilterViewController.swift; sourceTree = "<group>"; };
		CE94DAAF2627C8B20029D768 /* HotelFeedData.swift */ = {isa = PBXFileReference; lastKnownFileType = sourcecode.swift; path = HotelFeedData.swift; sourceTree = "<group>"; };
		CE95B41625E07240008DA51C /* LoginViewController.swift */ = {isa = PBXFileReference; lastKnownFileType = sourcecode.swift; path = LoginViewController.swift; sourceTree = "<group>"; };
		CEA6618B25D9BC7700998F66 /* RegisterViewController.swift */ = {isa = PBXFileReference; lastKnownFileType = sourcecode.swift; path = RegisterViewController.swift; sourceTree = "<group>"; };
		CEA6618F25D9BC9900998F66 /* RegisterPresenter.swift */ = {isa = PBXFileReference; lastKnownFileType = sourcecode.swift; path = RegisterPresenter.swift; sourceTree = "<group>"; };
		CEA6619225D9BCAD00998F66 /* RegisterProtocols.swift */ = {isa = PBXFileReference; lastKnownFileType = sourcecode.swift; path = RegisterProtocols.swift; sourceTree = "<group>"; };
		CEA9AACB25E1B65200BBE98C /* RegisterData.swift */ = {isa = PBXFileReference; lastKnownFileType = sourcecode.swift; path = RegisterData.swift; sourceTree = "<group>"; };
		CEA9AACE25E1B81100BBE98C /* RegisterRouter.swift */ = {isa = PBXFileReference; lastKnownFileType = sourcecode.swift; path = RegisterRouter.swift; sourceTree = "<group>"; };
		CEA9AAD125E1B83400BBE98C /* RegisterInteractor.swift */ = {isa = PBXFileReference; lastKnownFileType = sourcecode.swift; path = RegisterInteractor.swift; sourceTree = "<group>"; };
		CEA9AAD425E1BA3500BBE98C /* RegisterAssembly.swift */ = {isa = PBXFileReference; lastKnownFileType = sourcecode.swift; path = RegisterAssembly.swift; sourceTree = "<group>"; };
		CEA9AAD925E1C67A00BBE98C /* UITextFieldExtension.swift */ = {isa = PBXFileReference; lastKnownFileType = sourcecode.swift; path = UITextFieldExtension.swift; sourceTree = "<group>"; };
		CEA9AADD25E1C70200BBE98C /* TextFields.swift */ = {isa = PBXFileReference; lastKnownFileType = sourcecode.swift; path = TextFields.swift; sourceTree = "<group>"; };
		CEE890EC25D96D5F006EA513 /* Travelly.app */ = {isa = PBXFileReference; explicitFileType = wrapper.application; includeInIndex = 0; path = Travelly.app; sourceTree = BUILT_PRODUCTS_DIR; };
		CEE890EF25D96D5F006EA513 /* AppDelegate.swift */ = {isa = PBXFileReference; lastKnownFileType = sourcecode.swift; path = AppDelegate.swift; sourceTree = "<group>"; };
		CEE890F125D96D5F006EA513 /* SceneDelegate.swift */ = {isa = PBXFileReference; lastKnownFileType = sourcecode.swift; path = SceneDelegate.swift; sourceTree = "<group>"; };
		CEE890F325D96D5F006EA513 /* ViewController.swift */ = {isa = PBXFileReference; lastKnownFileType = sourcecode.swift; path = ViewController.swift; sourceTree = "<group>"; };
		CEE890F825D96D63006EA513 /* Assets.xcassets */ = {isa = PBXFileReference; lastKnownFileType = folder.assetcatalog; path = Assets.xcassets; sourceTree = "<group>"; };
		CEE890FB25D96D63006EA513 /* Base */ = {isa = PBXFileReference; lastKnownFileType = file.storyboard; name = Base; path = Base.lproj/LaunchScreen.storyboard; sourceTree = "<group>"; };
		CEE890FD25D96D63006EA513 /* Info.plist */ = {isa = PBXFileReference; lastKnownFileType = text.plist.xml; path = Info.plist; sourceTree = "<group>"; };
		CEFBE9E0262361B800B12566 /* OptionsInteractor.swift */ = {isa = PBXFileReference; lastKnownFileType = sourcecode.swift; path = OptionsInteractor.swift; sourceTree = "<group>"; };
		CEFD8DF7262BB132003B12D4 /* HotelFilterAssembly.swift */ = {isa = PBXFileReference; lastKnownFileType = sourcecode.swift; path = HotelFilterAssembly.swift; sourceTree = "<group>"; };
		E4C10CDA75BCD99143C07D32 /* Pods-Travelly.debug.xcconfig */ = {isa = PBXFileReference; includeInIndex = 1; lastKnownFileType = text.xcconfig; name = "Pods-Travelly.debug.xcconfig"; path = "Target Support Files/Pods-Travelly/Pods-Travelly.debug.xcconfig"; sourceTree = "<group>"; };
/* End PBXFileReference section */

/* Begin PBXFrameworksBuildPhase section */
		CEE890E925D96D5F006EA513 /* Frameworks */ = {
			isa = PBXFrameworksBuildPhase;
			buildActionMask = 2147483647;
			files = (
				9BDDB401BE2F36B0E1AEEF41 /* Pods_Travelly.framework in Frameworks */,
			);
			runOnlyForDeploymentPostprocessing = 0;
		};
/* End PBXFrameworksBuildPhase section */

/* Begin PBXGroup section */
		9EF341B0F2778359BD9CCE77 /* Pods */ = {
			isa = PBXGroup;
			children = (
				E4C10CDA75BCD99143C07D32 /* Pods-Travelly.debug.xcconfig */,
				5E5645290ADEB416C4D241CD /* Pods-Travelly.release.xcconfig */,
			);
			path = Pods;
			sourceTree = "<group>";
		};
		CE0E1BB42606A5E6004E8589 /* DataStorage */ = {
			isa = PBXGroup;
			children = (
				CE0E1BB52606A602004E8589 /* DataStorageProtocol.swift */,
				CE0E1BB92606B6B8004E8589 /* RealmDataStorage.swift */,
			);
			path = DataStorage;
			sourceTree = "<group>";
		};
		CE0E1BCD2606CE50004E8589 /* Registrator */ = {
			isa = PBXGroup;
			children = (
				CE0E1BCE2606CE7D004E8589 /* ServicesRegistrator.swift */,
			);
			path = Registrator;
			sourceTree = "<group>";
		};
		CE298D95262C63FB00E5DBDC /* Info */ = {
			isa = PBXGroup;
			children = (
				CE298D96262C641F00E5DBDC /* HotelInfo */,
			);
			path = Info;
			sourceTree = "<group>";
		};
		CE298D96262C641F00E5DBDC /* HotelInfo */ = {
			isa = PBXGroup;
			children = (
				CE298D97262C643B00E5DBDC /* HotelInfoProtocols.swift */,
				CE298D9F262C649500E5DBDC /* HotelInfoViewController.swift */,
				CE298D9B262C648700E5DBDC /* HotelInfoPresenter.swift */,
				CE298DA3262C64A800E5DBDC /* HotelInfoInteractor.swift */,
				CE298DA6262C64B400E5DBDC /* HotelInfoRouter.swift */,
				CE298DA9262C64C100E5DBDC /* HotelInfoAssembly.swift */,
				CE298DAC262CFDF900E5DBDC /* HotelInfoData.swift */,
			);
			path = HotelInfo;
			sourceTree = "<group>";
		};
		CE39863F2610BEEF00267569 /* ImageLoader */ = {
			isa = PBXGroup;
			children = (
				CE3986402610BEFA00267569 /* ImageLoaderProtocol.swift */,
				CE3986442610C02400267569 /* KingfisherImageLoader.swift */,
			);
			path = ImageLoader;
			sourceTree = "<group>";
		};
		CE4647922608EC8F00359F91 /* Profile */ = {
			isa = PBXGroup;
			children = (
				CE46479D2608EF3D00359F91 /* ProfileViewController.swift */,
				CE4647952608ECA700359F91 /* ProfileProtocols.swift */,
				CE4647992608ED7900359F91 /* ProfileData.swift */,
				CE4647A12608F0A800359F91 /* ProfilePresenter.swift */,
				CE4647A42608F0CC00359F91 /* ProfileInteractor.swift */,
				CEFBE9E0262361B800B12566 /* OptionsInteractor.swift */,
				CE4647A72608F0F900359F91 /* ProfileRouter.swift */,
				CE4647AA2608F10A00359F91 /* ProfileAssembly.swift */,
				CE6BC3BF2611D3BA00E27653 /* ProfileOptionTableViewCell.swift */,
			);
			path = Profile;
			sourceTree = "<group>";
		};
		CE483F4825E70E8A00806B44 /* Network */ = {
			isa = PBXGroup;
			children = (
				CE483F4925E70E9B00806B44 /* NetworkProtocol.swift */,
				CE483F4C25E70F0100806B44 /* AlamofireNetworkService.swift */,
				CE6829BF25E836EC00D894E4 /* NetworkConfig.swift */,
			);
			path = Network;
			sourceTree = "<group>";
		};
		CE4B765325E13D7800E4D8EC /* DependencyService */ = {
			isa = PBXGroup;
			children = (
				CE4B765425E13DC000E4D8EC /* SwinjectContainer.swift */,
				CE4B765725E13F5600E4D8EC /* DependencyContainerProtocol.swift */,
				CE4B766125E1504C00E4D8EC /* DependencyRegistratorProtocol.swift */,
			);
			path = DependencyService;
			sourceTree = "<group>";
		};
		CE57F6052617A71A00706327 /* EditProfile */ = {
			isa = PBXGroup;
			children = (
				CE2FEABC2618781500AD5360 /* EditProfileViewController.swift */,
				CE57F6092617A85C00706327 /* EditProfileProtocols.swift */,
				CE2FEAB92618770D00AD5360 /* EditProfileData.swift */,
				CE2FEABF2618792700AD5360 /* EditProfilePresenter.swift */,
				CE2FEAC22618795100AD5360 /* EditProfileInteractor.swift */,
				CE2FEAC52618799700AD5360 /* EditProfileRouter.swift */,
				CE2FEAC8261879AB00AD5360 /* EditProfileAssembly.swift */,
			);
			path = EditProfile;
			sourceTree = "<group>";
		};
		CE57F6062617A72E00706327 /* Tours */ = {
			isa = PBXGroup;
			children = (
			);
			path = Tours;
			sourceTree = "<group>";
		};
		CE57F6072617A74E00706327 /* CreateTour */ = {
			isa = PBXGroup;
			children = (
			);
			path = CreateTour;
			sourceTree = "<group>";
		};
		CE8C9DA626272BD2003E9563 /* ImageHosting */ = {
			isa = PBXGroup;
			children = (
				CE8C9DA726272BE6003E9563 /* ImageHostingServiceProtocol.swift */,
				CE8C9DAB26272C71003E9563 /* CloudinaryImageHostingService.swift */,
			);
			path = ImageHosting;
			sourceTree = "<group>";
		};
		CE8F202725DC63E900B508D8 /* Services */ = {
			isa = PBXGroup;
			children = (
				CE8C9DA626272BD2003E9563 /* ImageHosting */,
				CE39863F2610BEEF00267569 /* ImageLoader */,
				CE0E1BCD2606CE50004E8589 /* Registrator */,
				CE0E1BB42606A5E6004E8589 /* DataStorage */,
				CE483F4825E70E8A00806B44 /* Network */,
				CE4B765325E13D7800E4D8EC /* DependencyService */,
				CE8F202825DC671700B508D8 /* Style */,
			);
			path = Services;
			sourceTree = "<group>";
		};
		CE8F202825DC671700B508D8 /* Style */ = {
			isa = PBXGroup;
			children = (
				CE8F202925DC672A00B508D8 /* Buttons.swift */,
				CEA9AADD25E1C70200BBE98C /* TextFields.swift */,
				CE39863326109FA100267569 /* Views.swift */,
			);
			path = Style;
			sourceTree = "<group>";
		};
		CE94DA912627A9100029D768 /* Feed */ = {
			isa = PBXGroup;
			children = (
				CE94DA942627A9D80029D768 /* HotelFeed */,
			);
			path = Feed;
			sourceTree = "<group>";
		};
		CE94DA942627A9D80029D768 /* HotelFeed */ = {
			isa = PBXGroup;
			children = (
				CE94DA952627A9EA0029D768 /* HotelFeedProtocols.swift */,
				CE94DA992627AACD0029D768 /* HotelFeedViewController.swift */,
				CE30094E2629B8D500CBF86D /* HotelTableViewCell.swift */,
				CE94DAA82627C0BC0029D768 /* HotelFeedFilterViewController.swift */,
				CE94DA9C2627AB4A0029D768 /* HotelFeedPresenter.swift */,
				CE94DA9F2627AB590029D768 /* HotelFeedInteractor.swift */,
				CE94DAA22627AB680029D768 /* HotelFeedRouter.swift */,
				CE94DAA52627AB810029D768 /* HotelFeedAssembly.swift */,
				CE94DAAF2627C8B20029D768 /* HotelFeedData.swift */,
				CE28642A26281F960082FFCD /* HotelFilterProtocols.swift */,
				CEFD8DF7262BB132003B12D4 /* HotelFilterAssembly.swift */,
			);
			path = HotelFeed;
			sourceTree = "<group>";
		};
		CEA6618725D9BBDC00998F66 /* Modules */ = {
			isa = PBXGroup;
			children = (
				CE298D95262C63FB00E5DBDC /* Info */,
				CE94DA912627A9100029D768 /* Feed */,
				CE57F6072617A74E00706327 /* CreateTour */,
				CE57F6062617A72E00706327 /* Tours */,
				CE57F6052617A71A00706327 /* EditProfile */,
				CE4647922608EC8F00359F91 /* Profile */,
				CEA6618A25D9BC4000998F66 /* Login */,
				CEA6618925D9BC3400998F66 /* Register */,
				CEA6618825D9BBE400998F66 /* Auth */,
			);
			path = Modules;
			sourceTree = "<group>";
		};
		CEA6618825D9BBE400998F66 /* Auth */ = {
			isa = PBXGroup;
			children = (
				CE8F201825DC636300B508D8 /* AuthViewController.swift */,
				CE8F201B25DC637900B508D8 /* AuthProtocols.swift */,
				CE8F201E25DC638500B508D8 /* AuthPresenter.swift */,
				CE8F202125DC639100B508D8 /* AuthAssembly.swift */,
				CE8F202425DC639E00B508D8 /* AuthRouter.swift */,
				CE0E1BD62606D78C004E8589 /* AuthData.swift */,
			);
			path = Auth;
			sourceTree = "<group>";
		};
		CEA6618925D9BC3400998F66 /* Register */ = {
			isa = PBXGroup;
			children = (
				CEA6618B25D9BC7700998F66 /* RegisterViewController.swift */,
				CEA6618F25D9BC9900998F66 /* RegisterPresenter.swift */,
				CEA6619225D9BCAD00998F66 /* RegisterProtocols.swift */,
				CEA9AACB25E1B65200BBE98C /* RegisterData.swift */,
				CEA9AACE25E1B81100BBE98C /* RegisterRouter.swift */,
				CEA9AAD125E1B83400BBE98C /* RegisterInteractor.swift */,
				CEA9AAD425E1BA3500BBE98C /* RegisterAssembly.swift */,
			);
			path = Register;
			sourceTree = "<group>";
		};
		CEA6618A25D9BC4000998F66 /* Login */ = {
			isa = PBXGroup;
			children = (
				CE95B41625E07240008DA51C /* LoginViewController.swift */,
				CE6829C225E8526D00D894E4 /* LoginProtocols.swift */,
				CE6829C525E8571000D894E4 /* LoginPresenter.swift */,
				CE6829C825E8572E00D894E4 /* LoginRouter.swift */,
				CE6829CB25E857F300D894E4 /* LoginInteractor.swift */,
				CE6829CE25E8583200D894E4 /* LoginData.swift */,
				CE6829D125E858E900D894E4 /* LoginAssembly.swift */,
			);
			path = Login;
			sourceTree = "<group>";
		};
		CEA9AAD725E1C64D00BBE98C /* Extensions */ = {
			isa = PBXGroup;
			children = (
				CEA9AAD925E1C67A00BBE98C /* UITextFieldExtension.swift */,
			);
			path = Extensions;
			sourceTree = "<group>";
		};
		CEE890E325D96D5F006EA513 = {
			isa = PBXGroup;
			children = (
				CEE890EE25D96D5F006EA513 /* Travelly */,
				CEE890ED25D96D5F006EA513 /* Products */,
				9EF341B0F2778359BD9CCE77 /* Pods */,
				FCBC64DDB275784026201D6D /* Frameworks */,
			);
			sourceTree = "<group>";
		};
		CEE890ED25D96D5F006EA513 /* Products */ = {
			isa = PBXGroup;
			children = (
				CEE890EC25D96D5F006EA513 /* Travelly.app */,
			);
			name = Products;
			sourceTree = "<group>";
		};
		CEE890EE25D96D5F006EA513 /* Travelly */ = {
			isa = PBXGroup;
			children = (
				CEA9AAD725E1C64D00BBE98C /* Extensions */,
				CE8F202725DC63E900B508D8 /* Services */,
				CEA6618725D9BBDC00998F66 /* Modules */,
				CEE890EF25D96D5F006EA513 /* AppDelegate.swift */,
				CEE890F125D96D5F006EA513 /* SceneDelegate.swift */,
				CEE890F325D96D5F006EA513 /* ViewController.swift */,
				CEE890F825D96D63006EA513 /* Assets.xcassets */,
				CEE890FA25D96D63006EA513 /* LaunchScreen.storyboard */,
				CEE890FD25D96D63006EA513 /* Info.plist */,
			);
			path = Travelly;
			sourceTree = "<group>";
		};
		FCBC64DDB275784026201D6D /* Frameworks */ = {
			isa = PBXGroup;
			children = (
				92A1BE50488A5581B7F08CDF /* Pods_Travelly.framework */,
			);
			name = Frameworks;
			sourceTree = "<group>";
		};
/* End PBXGroup section */

/* Begin PBXNativeTarget section */
		CEE890EB25D96D5F006EA513 /* Travelly */ = {
			isa = PBXNativeTarget;
			buildConfigurationList = CEE8910025D96D63006EA513 /* Build configuration list for PBXNativeTarget "Travelly" */;
			buildPhases = (
				19E15E8DBE7EC575489C089F /* [CP] Check Pods Manifest.lock */,
				CEE890E825D96D5F006EA513 /* Sources */,
				CEE890E925D96D5F006EA513 /* Frameworks */,
				CEE890EA25D96D5F006EA513 /* Resources */,
				71A833E97E7DCBB42E78780B /* [CP] Embed Pods Frameworks */,
			);
			buildRules = (
			);
			dependencies = (
			);
			name = Travelly;
			productName = Travelly;
			productReference = CEE890EC25D96D5F006EA513 /* Travelly.app */;
			productType = "com.apple.product-type.application";
		};
/* End PBXNativeTarget section */

/* Begin PBXProject section */
		CEE890E425D96D5F006EA513 /* Project object */ = {
			isa = PBXProject;
			attributes = {
				LastSwiftUpdateCheck = 1230;
				LastUpgradeCheck = 1230;
				TargetAttributes = {
					CEE890EB25D96D5F006EA513 = {
						CreatedOnToolsVersion = 12.3;
					};
				};
			};
			buildConfigurationList = CEE890E725D96D5F006EA513 /* Build configuration list for PBXProject "Travelly" */;
			compatibilityVersion = "Xcode 9.3";
			developmentRegion = en;
			hasScannedForEncodings = 0;
			knownRegions = (
				en,
				Base,
			);
			mainGroup = CEE890E325D96D5F006EA513;
			productRefGroup = CEE890ED25D96D5F006EA513 /* Products */;
			projectDirPath = "";
			projectRoot = "";
			targets = (
				CEE890EB25D96D5F006EA513 /* Travelly */,
			);
		};
/* End PBXProject section */

/* Begin PBXResourcesBuildPhase section */
		CEE890EA25D96D5F006EA513 /* Resources */ = {
			isa = PBXResourcesBuildPhase;
			buildActionMask = 2147483647;
			files = (
				CEE890FC25D96D63006EA513 /* LaunchScreen.storyboard in Resources */,
				CEE890F925D96D63006EA513 /* Assets.xcassets in Resources */,
			);
			runOnlyForDeploymentPostprocessing = 0;
		};
/* End PBXResourcesBuildPhase section */

/* Begin PBXShellScriptBuildPhase section */
		19E15E8DBE7EC575489C089F /* [CP] Check Pods Manifest.lock */ = {
			isa = PBXShellScriptBuildPhase;
			buildActionMask = 2147483647;
			files = (
			);
			inputFileListPaths = (
			);
			inputPaths = (
				"${PODS_PODFILE_DIR_PATH}/Podfile.lock",
				"${PODS_ROOT}/Manifest.lock",
			);
			name = "[CP] Check Pods Manifest.lock";
			outputFileListPaths = (
			);
			outputPaths = (
				"$(DERIVED_FILE_DIR)/Pods-Travelly-checkManifestLockResult.txt",
			);
			runOnlyForDeploymentPostprocessing = 0;
			shellPath = /bin/sh;
			shellScript = "diff \"${PODS_PODFILE_DIR_PATH}/Podfile.lock\" \"${PODS_ROOT}/Manifest.lock\" > /dev/null\nif [ $? != 0 ] ; then\n    # print error to STDERR\n    echo \"error: The sandbox is not in sync with the Podfile.lock. Run 'pod install' or update your CocoaPods installation.\" >&2\n    exit 1\nfi\n# This output is used by Xcode 'outputs' to avoid re-running this script phase.\necho \"SUCCESS\" > \"${SCRIPT_OUTPUT_FILE_0}\"\n";
			showEnvVarsInLog = 0;
		};
		71A833E97E7DCBB42E78780B /* [CP] Embed Pods Frameworks */ = {
			isa = PBXShellScriptBuildPhase;
			buildActionMask = 2147483647;
			files = (
			);
			inputFileListPaths = (
				"${PODS_ROOT}/Target Support Files/Pods-Travelly/Pods-Travelly-frameworks-${CONFIGURATION}-input-files.xcfilelist",
			);
			name = "[CP] Embed Pods Frameworks";
			outputFileListPaths = (
				"${PODS_ROOT}/Target Support Files/Pods-Travelly/Pods-Travelly-frameworks-${CONFIGURATION}-output-files.xcfilelist",
			);
			runOnlyForDeploymentPostprocessing = 0;
			shellPath = /bin/sh;
			shellScript = "\"${PODS_ROOT}/Target Support Files/Pods-Travelly/Pods-Travelly-frameworks.sh\"\n";
			showEnvVarsInLog = 0;
		};
/* End PBXShellScriptBuildPhase section */

/* Begin PBXSourcesBuildPhase section */
		CEE890E825D96D5F006EA513 /* Sources */ = {
			isa = PBXSourcesBuildPhase;
			buildActionMask = 2147483647;
			files = (
				CE3986452610C02400267569 /* KingfisherImageLoader.swift in Sources */,
				CE298DA0262C649500E5DBDC /* HotelInfoViewController.swift in Sources */,
				CE4B765525E13DC000E4D8EC /* SwinjectContainer.swift in Sources */,
				CE4B765825E13F5600E4D8EC /* DependencyContainerProtocol.swift in Sources */,
				CE94DAA02627AB590029D768 /* HotelFeedInteractor.swift in Sources */,
				CEFBE9E1262361B800B12566 /* OptionsInteractor.swift in Sources */,
				CEA6619325D9BCAD00998F66 /* RegisterProtocols.swift in Sources */,
				CE30094F2629B8D500CBF86D /* HotelTableViewCell.swift in Sources */,
				CE298DAA262C64C100E5DBDC /* HotelInfoAssembly.swift in Sources */,
				CE6829CC25E857F300D894E4 /* LoginInteractor.swift in Sources */,
				CE483F4D25E70F0100806B44 /* AlamofireNetworkService.swift in Sources */,
				CE2FEABA2618770D00AD5360 /* EditProfileData.swift in Sources */,
				CE8F202A25DC672A00B508D8 /* Buttons.swift in Sources */,
				CE94DAA92627C0BC0029D768 /* HotelFeedFilterViewController.swift in Sources */,
				CE4647A82608F0F900359F91 /* ProfileRouter.swift in Sources */,
				CEA6619025D9BC9900998F66 /* RegisterPresenter.swift in Sources */,
				CE2FEAC62618799700AD5360 /* EditProfileRouter.swift in Sources */,
				CEA9AADE25E1C70200BBE98C /* TextFields.swift in Sources */,
				CE94DA9A2627AACD0029D768 /* HotelFeedViewController.swift in Sources */,
				CEA9AAD225E1B83400BBE98C /* RegisterInteractor.swift in Sources */,
				CE8C9DA826272BE6003E9563 /* ImageHostingServiceProtocol.swift in Sources */,
				CE46479A2608ED7900359F91 /* ProfileData.swift in Sources */,
				CE4647A52608F0CC00359F91 /* ProfileInteractor.swift in Sources */,
				CE39863426109FA100267569 /* Views.swift in Sources */,
				CE483F4A25E70E9B00806B44 /* NetworkProtocol.swift in Sources */,
				CE6829C325E8526D00D894E4 /* LoginProtocols.swift in Sources */,
				CE6829CF25E8583200D894E4 /* LoginData.swift in Sources */,
				CEA9AACF25E1B81100BBE98C /* RegisterRouter.swift in Sources */,
				CE0E1BD72606D78C004E8589 /* AuthData.swift in Sources */,
				CEE890F425D96D5F006EA513 /* ViewController.swift in Sources */,
				CE3986412610BEFA00267569 /* ImageLoaderProtocol.swift in Sources */,
				CE6829C625E8571000D894E4 /* LoginPresenter.swift in Sources */,
				CE0E1BBA2606B6B8004E8589 /* RealmDataStorage.swift in Sources */,
				CE4647A22608F0A800359F91 /* ProfilePresenter.swift in Sources */,
				CE8F201925DC636300B508D8 /* AuthViewController.swift in Sources */,
				CE4647962608ECA700359F91 /* ProfileProtocols.swift in Sources */,
				CE8F201F25DC638500B508D8 /* AuthPresenter.swift in Sources */,
				CEE890F025D96D5F006EA513 /* AppDelegate.swift in Sources */,
				CE8F201C25DC637900B508D8 /* AuthProtocols.swift in Sources */,
				CEE890F225D96D5F006EA513 /* SceneDelegate.swift in Sources */,
				CE4647AB2608F10A00359F91 /* ProfileAssembly.swift in Sources */,
				CE298D9C262C648700E5DBDC /* HotelInfoPresenter.swift in Sources */,
				CEA9AACC25E1B65200BBE98C /* RegisterData.swift in Sources */,
				CE0E1BB62606A602004E8589 /* DataStorageProtocol.swift in Sources */,
				CE57F60A2617A85C00706327 /* EditProfileProtocols.swift in Sources */,
				CEA9AAD525E1BA3500BBE98C /* RegisterAssembly.swift in Sources */,
				CE94DAB02627C8B20029D768 /* HotelFeedData.swift in Sources */,
				CE2FEAC32618795100AD5360 /* EditProfileInteractor.swift in Sources */,
				CE8C9DAC26272C71003E9563 /* CloudinaryImageHostingService.swift in Sources */,
				CE8F202525DC639E00B508D8 /* AuthRouter.swift in Sources */,
				CEA9AADA25E1C67A00BBE98C /* UITextFieldExtension.swift in Sources */,
				CE28642B26281F960082FFCD /* HotelFilterProtocols.swift in Sources */,
				CEFD8DF8262BB132003B12D4 /* HotelFilterAssembly.swift in Sources */,
				CE0E1BCF2606CE7D004E8589 /* ServicesRegistrator.swift in Sources */,
				CE94DA962627A9EA0029D768 /* HotelFeedProtocols.swift in Sources */,
				CE298DA4262C64A800E5DBDC /* HotelInfoInteractor.swift in Sources */,
				CE298D98262C643B00E5DBDC /* HotelInfoProtocols.swift in Sources */,
				CEA6618C25D9BC7700998F66 /* RegisterViewController.swift in Sources */,
				CE298DA7262C64B400E5DBDC /* HotelInfoRouter.swift in Sources */,
				CE94DAA32627AB680029D768 /* HotelFeedRouter.swift in Sources */,
				CE2FEAC02618792700AD5360 /* EditProfilePresenter.swift in Sources */,
				CE6829C025E836EC00D894E4 /* NetworkConfig.swift in Sources */,
				CE4B766225E1504C00E4D8EC /* DependencyRegistratorProtocol.swift in Sources */,
				CE94DAA62627AB810029D768 /* HotelFeedAssembly.swift in Sources */,
				CE95B41725E07240008DA51C /* LoginViewController.swift in Sources */,
				CE6829C925E8572E00D894E4 /* LoginRouter.swift in Sources */,
				CE94DA9D2627AB4A0029D768 /* HotelFeedPresenter.swift in Sources */,
				CE46479E2608EF3D00359F91 /* ProfileViewController.swift in Sources */,
				CE298DAD262CFDF900E5DBDC /* HotelInfoData.swift in Sources */,
				CE8F202225DC639100B508D8 /* AuthAssembly.swift in Sources */,
				CE6BC3C02611D3BA00E27653 /* ProfileOptionTableViewCell.swift in Sources */,
				CE2FEABD2618781500AD5360 /* EditProfileViewController.swift in Sources */,
				CE6829D225E858E900D894E4 /* LoginAssembly.swift in Sources */,
				CE2FEAC9261879AB00AD5360 /* EditProfileAssembly.swift in Sources */,
			);
			runOnlyForDeploymentPostprocessing = 0;
		};
/* End PBXSourcesBuildPhase section */

/* Begin PBXVariantGroup section */
		CEE890FA25D96D63006EA513 /* LaunchScreen.storyboard */ = {
			isa = PBXVariantGroup;
			children = (
				CEE890FB25D96D63006EA513 /* Base */,
			);
			name = LaunchScreen.storyboard;
			sourceTree = "<group>";
		};
/* End PBXVariantGroup section */

/* Begin XCBuildConfiguration section */
		CEE890FE25D96D63006EA513 /* Debug */ = {
			isa = XCBuildConfiguration;
			buildSettings = {
				ALWAYS_SEARCH_USER_PATHS = NO;
				CLANG_ANALYZER_NONNULL = YES;
				CLANG_ANALYZER_NUMBER_OBJECT_CONVERSION = YES_AGGRESSIVE;
				CLANG_CXX_LANGUAGE_STANDARD = "gnu++14";
				CLANG_CXX_LIBRARY = "libc++";
				CLANG_ENABLE_MODULES = YES;
				CLANG_ENABLE_OBJC_ARC = YES;
				CLANG_ENABLE_OBJC_WEAK = YES;
				CLANG_WARN_BLOCK_CAPTURE_AUTORELEASING = YES;
				CLANG_WARN_BOOL_CONVERSION = YES;
				CLANG_WARN_COMMA = YES;
				CLANG_WARN_CONSTANT_CONVERSION = YES;
				CLANG_WARN_DEPRECATED_OBJC_IMPLEMENTATIONS = YES;
				CLANG_WARN_DIRECT_OBJC_ISA_USAGE = YES_ERROR;
				CLANG_WARN_DOCUMENTATION_COMMENTS = YES;
				CLANG_WARN_EMPTY_BODY = YES;
				CLANG_WARN_ENUM_CONVERSION = YES;
				CLANG_WARN_INFINITE_RECURSION = YES;
				CLANG_WARN_INT_CONVERSION = YES;
				CLANG_WARN_NON_LITERAL_NULL_CONVERSION = YES;
				CLANG_WARN_OBJC_IMPLICIT_RETAIN_SELF = YES;
				CLANG_WARN_OBJC_LITERAL_CONVERSION = YES;
				CLANG_WARN_OBJC_ROOT_CLASS = YES_ERROR;
				CLANG_WARN_QUOTED_INCLUDE_IN_FRAMEWORK_HEADER = YES;
				CLANG_WARN_RANGE_LOOP_ANALYSIS = YES;
				CLANG_WARN_STRICT_PROTOTYPES = YES;
				CLANG_WARN_SUSPICIOUS_MOVE = YES;
				CLANG_WARN_UNGUARDED_AVAILABILITY = YES_AGGRESSIVE;
				CLANG_WARN_UNREACHABLE_CODE = YES;
				CLANG_WARN__DUPLICATE_METHOD_MATCH = YES;
				COPY_PHASE_STRIP = NO;
				DEBUG_INFORMATION_FORMAT = dwarf;
				ENABLE_STRICT_OBJC_MSGSEND = YES;
				ENABLE_TESTABILITY = YES;
				GCC_C_LANGUAGE_STANDARD = gnu11;
				GCC_DYNAMIC_NO_PIC = NO;
				GCC_NO_COMMON_BLOCKS = YES;
				GCC_OPTIMIZATION_LEVEL = 0;
				GCC_PREPROCESSOR_DEFINITIONS = (
					"DEBUG=1",
					"$(inherited)",
				);
				GCC_WARN_64_TO_32_BIT_CONVERSION = YES;
				GCC_WARN_ABOUT_RETURN_TYPE = YES_ERROR;
				GCC_WARN_UNDECLARED_SELECTOR = YES;
				GCC_WARN_UNINITIALIZED_AUTOS = YES_AGGRESSIVE;
				GCC_WARN_UNUSED_FUNCTION = YES;
				GCC_WARN_UNUSED_VARIABLE = YES;
				IPHONEOS_DEPLOYMENT_TARGET = 14.3;
				MTL_ENABLE_DEBUG_INFO = INCLUDE_SOURCE;
				MTL_FAST_MATH = YES;
				ONLY_ACTIVE_ARCH = YES;
				SDKROOT = iphoneos;
				SWIFT_ACTIVE_COMPILATION_CONDITIONS = DEBUG;
				SWIFT_OPTIMIZATION_LEVEL = "-Onone";
			};
			name = Debug;
		};
		CEE890FF25D96D63006EA513 /* Release */ = {
			isa = XCBuildConfiguration;
			buildSettings = {
				ALWAYS_SEARCH_USER_PATHS = NO;
				CLANG_ANALYZER_NONNULL = YES;
				CLANG_ANALYZER_NUMBER_OBJECT_CONVERSION = YES_AGGRESSIVE;
				CLANG_CXX_LANGUAGE_STANDARD = "gnu++14";
				CLANG_CXX_LIBRARY = "libc++";
				CLANG_ENABLE_MODULES = YES;
				CLANG_ENABLE_OBJC_ARC = YES;
				CLANG_ENABLE_OBJC_WEAK = YES;
				CLANG_WARN_BLOCK_CAPTURE_AUTORELEASING = YES;
				CLANG_WARN_BOOL_CONVERSION = YES;
				CLANG_WARN_COMMA = YES;
				CLANG_WARN_CONSTANT_CONVERSION = YES;
				CLANG_WARN_DEPRECATED_OBJC_IMPLEMENTATIONS = YES;
				CLANG_WARN_DIRECT_OBJC_ISA_USAGE = YES_ERROR;
				CLANG_WARN_DOCUMENTATION_COMMENTS = YES;
				CLANG_WARN_EMPTY_BODY = YES;
				CLANG_WARN_ENUM_CONVERSION = YES;
				CLANG_WARN_INFINITE_RECURSION = YES;
				CLANG_WARN_INT_CONVERSION = YES;
				CLANG_WARN_NON_LITERAL_NULL_CONVERSION = YES;
				CLANG_WARN_OBJC_IMPLICIT_RETAIN_SELF = YES;
				CLANG_WARN_OBJC_LITERAL_CONVERSION = YES;
				CLANG_WARN_OBJC_ROOT_CLASS = YES_ERROR;
				CLANG_WARN_QUOTED_INCLUDE_IN_FRAMEWORK_HEADER = YES;
				CLANG_WARN_RANGE_LOOP_ANALYSIS = YES;
				CLANG_WARN_STRICT_PROTOTYPES = YES;
				CLANG_WARN_SUSPICIOUS_MOVE = YES;
				CLANG_WARN_UNGUARDED_AVAILABILITY = YES_AGGRESSIVE;
				CLANG_WARN_UNREACHABLE_CODE = YES;
				CLANG_WARN__DUPLICATE_METHOD_MATCH = YES;
				COPY_PHASE_STRIP = NO;
				DEBUG_INFORMATION_FORMAT = "dwarf-with-dsym";
				ENABLE_NS_ASSERTIONS = NO;
				ENABLE_STRICT_OBJC_MSGSEND = YES;
				GCC_C_LANGUAGE_STANDARD = gnu11;
				GCC_NO_COMMON_BLOCKS = YES;
				GCC_WARN_64_TO_32_BIT_CONVERSION = YES;
				GCC_WARN_ABOUT_RETURN_TYPE = YES_ERROR;
				GCC_WARN_UNDECLARED_SELECTOR = YES;
				GCC_WARN_UNINITIALIZED_AUTOS = YES_AGGRESSIVE;
				GCC_WARN_UNUSED_FUNCTION = YES;
				GCC_WARN_UNUSED_VARIABLE = YES;
				IPHONEOS_DEPLOYMENT_TARGET = 14.3;
				MTL_ENABLE_DEBUG_INFO = NO;
				MTL_FAST_MATH = YES;
				SDKROOT = iphoneos;
				SWIFT_COMPILATION_MODE = wholemodule;
				SWIFT_OPTIMIZATION_LEVEL = "-O";
				VALIDATE_PRODUCT = YES;
			};
			name = Release;
		};
		CEE8910125D96D63006EA513 /* Debug */ = {
			isa = XCBuildConfiguration;
			baseConfigurationReference = E4C10CDA75BCD99143C07D32 /* Pods-Travelly.debug.xcconfig */;
			buildSettings = {
				ASSETCATALOG_COMPILER_APPICON_NAME = AppIcon;
				ASSETCATALOG_COMPILER_GLOBAL_ACCENT_COLOR_NAME = AccentColor;
				CODE_SIGN_STYLE = Automatic;
				DEVELOPMENT_TEAM = YP62A52W5G;
				INFOPLIST_FILE = Travelly/Info.plist;
				LD_RUNPATH_SEARCH_PATHS = (
					"$(inherited)",
					"@executable_path/Frameworks",
				);
				PRODUCT_BUNDLE_IDENTIFIER = com.smartduck.Travelly;
				PRODUCT_NAME = "$(TARGET_NAME)";
				SWIFT_VERSION = 5.0;
				TARGETED_DEVICE_FAMILY = 1;
			};
			name = Debug;
		};
		CEE8910225D96D63006EA513 /* Release */ = {
			isa = XCBuildConfiguration;
			baseConfigurationReference = 5E5645290ADEB416C4D241CD /* Pods-Travelly.release.xcconfig */;
			buildSettings = {
				ASSETCATALOG_COMPILER_APPICON_NAME = AppIcon;
				ASSETCATALOG_COMPILER_GLOBAL_ACCENT_COLOR_NAME = AccentColor;
				CODE_SIGN_STYLE = Automatic;
				DEVELOPMENT_TEAM = YP62A52W5G;
				INFOPLIST_FILE = Travelly/Info.plist;
				LD_RUNPATH_SEARCH_PATHS = (
					"$(inherited)",
					"@executable_path/Frameworks",
				);
				PRODUCT_BUNDLE_IDENTIFIER = com.smartduck.Travelly;
				PRODUCT_NAME = "$(TARGET_NAME)";
				SWIFT_VERSION = 5.0;
				TARGETED_DEVICE_FAMILY = 1;
			};
			name = Release;
		};
/* End XCBuildConfiguration section */

/* Begin XCConfigurationList section */
		CEE890E725D96D5F006EA513 /* Build configuration list for PBXProject "Travelly" */ = {
			isa = XCConfigurationList;
			buildConfigurations = (
				CEE890FE25D96D63006EA513 /* Debug */,
				CEE890FF25D96D63006EA513 /* Release */,
			);
			defaultConfigurationIsVisible = 0;
			defaultConfigurationName = Release;
		};
		CEE8910025D96D63006EA513 /* Build configuration list for PBXNativeTarget "Travelly" */ = {
			isa = XCConfigurationList;
			buildConfigurations = (
				CEE8910125D96D63006EA513 /* Debug */,
				CEE8910225D96D63006EA513 /* Release */,
			);
			defaultConfigurationIsVisible = 0;
			defaultConfigurationName = Release;
		};
/* End XCConfigurationList section */
	};
	rootObject = CEE890E425D96D5F006EA513 /* Project object */;
}
