// !$*UTF8*$!
{
	archiveVersion = 1;
	classes = {
	};
	objectVersion = 50;
	objects = {

/* Begin PBXBuildFile section */
		CE8F201925DC636300B508D8 /* AuthViewController.swift in Sources */ = {isa = PBXBuildFile; fileRef = CE8F201825DC636300B508D8 /* AuthViewController.swift */; };
		CE8F201C25DC637900B508D8 /* AuthProtocols.swift in Sources */ = {isa = PBXBuildFile; fileRef = CE8F201B25DC637900B508D8 /* AuthProtocols.swift */; };
		CE8F201F25DC638500B508D8 /* AuthPresenter.swift in Sources */ = {isa = PBXBuildFile; fileRef = CE8F201E25DC638500B508D8 /* AuthPresenter.swift */; };
		CE8F202225DC639100B508D8 /* AuthAssembly.swift in Sources */ = {isa = PBXBuildFile; fileRef = CE8F202125DC639100B508D8 /* AuthAssembly.swift */; };
		CE8F202525DC639E00B508D8 /* AuthRouter.swift in Sources */ = {isa = PBXBuildFile; fileRef = CE8F202425DC639E00B508D8 /* AuthRouter.swift */; };
		CE8F202A25DC672A00B508D8 /* Colors.swift in Sources */ = {isa = PBXBuildFile; fileRef = CE8F202925DC672A00B508D8 /* Colors.swift */; };
		CEA6618C25D9BC7700998F66 /* RegisterViewController.swift in Sources */ = {isa = PBXBuildFile; fileRef = CEA6618B25D9BC7700998F66 /* RegisterViewController.swift */; };
		CEA6619025D9BC9900998F66 /* RegisterPresenter.swift in Sources */ = {isa = PBXBuildFile; fileRef = CEA6618F25D9BC9900998F66 /* RegisterPresenter.swift */; };
		CEA6619325D9BCAD00998F66 /* RegisterProtocols.swift in Sources */ = {isa = PBXBuildFile; fileRef = CEA6619225D9BCAD00998F66 /* RegisterProtocols.swift */; };
		CEE890F025D96D5F006EA513 /* AppDelegate.swift in Sources */ = {isa = PBXBuildFile; fileRef = CEE890EF25D96D5F006EA513 /* AppDelegate.swift */; };
		CEE890F225D96D5F006EA513 /* SceneDelegate.swift in Sources */ = {isa = PBXBuildFile; fileRef = CEE890F125D96D5F006EA513 /* SceneDelegate.swift */; };
		CEE890F425D96D5F006EA513 /* ViewController.swift in Sources */ = {isa = PBXBuildFile; fileRef = CEE890F325D96D5F006EA513 /* ViewController.swift */; };
		CEE890F925D96D63006EA513 /* Assets.xcassets in Resources */ = {isa = PBXBuildFile; fileRef = CEE890F825D96D63006EA513 /* Assets.xcassets */; };
		CEE890FC25D96D63006EA513 /* LaunchScreen.storyboard in Resources */ = {isa = PBXBuildFile; fileRef = CEE890FA25D96D63006EA513 /* LaunchScreen.storyboard */; };
/* End PBXBuildFile section */

/* Begin PBXFileReference section */
		CE8F201825DC636300B508D8 /* AuthViewController.swift */ = {isa = PBXFileReference; lastKnownFileType = sourcecode.swift; path = AuthViewController.swift; sourceTree = "<group>"; };
		CE8F201B25DC637900B508D8 /* AuthProtocols.swift */ = {isa = PBXFileReference; lastKnownFileType = sourcecode.swift; path = AuthProtocols.swift; sourceTree = "<group>"; };
		CE8F201E25DC638500B508D8 /* AuthPresenter.swift */ = {isa = PBXFileReference; lastKnownFileType = sourcecode.swift; path = AuthPresenter.swift; sourceTree = "<group>"; };
		CE8F202125DC639100B508D8 /* AuthAssembly.swift */ = {isa = PBXFileReference; lastKnownFileType = sourcecode.swift; path = AuthAssembly.swift; sourceTree = "<group>"; };
		CE8F202425DC639E00B508D8 /* AuthRouter.swift */ = {isa = PBXFileReference; lastKnownFileType = sourcecode.swift; path = AuthRouter.swift; sourceTree = "<group>"; };
		CE8F202925DC672A00B508D8 /* Colors.swift */ = {isa = PBXFileReference; lastKnownFileType = sourcecode.swift; path = Colors.swift; sourceTree = "<group>"; };
		CEA6618B25D9BC7700998F66 /* RegisterViewController.swift */ = {isa = PBXFileReference; lastKnownFileType = sourcecode.swift; path = RegisterViewController.swift; sourceTree = "<group>"; };
		CEA6618F25D9BC9900998F66 /* RegisterPresenter.swift */ = {isa = PBXFileReference; lastKnownFileType = sourcecode.swift; path = RegisterPresenter.swift; sourceTree = "<group>"; };
		CEA6619225D9BCAD00998F66 /* RegisterProtocols.swift */ = {isa = PBXFileReference; lastKnownFileType = sourcecode.swift; path = RegisterProtocols.swift; sourceTree = "<group>"; };
		CEE890EC25D96D5F006EA513 /* Travelly.app */ = {isa = PBXFileReference; explicitFileType = wrapper.application; includeInIndex = 0; path = Travelly.app; sourceTree = BUILT_PRODUCTS_DIR; };
		CEE890EF25D96D5F006EA513 /* AppDelegate.swift */ = {isa = PBXFileReference; lastKnownFileType = sourcecode.swift; path = AppDelegate.swift; sourceTree = "<group>"; };
		CEE890F125D96D5F006EA513 /* SceneDelegate.swift */ = {isa = PBXFileReference; lastKnownFileType = sourcecode.swift; path = SceneDelegate.swift; sourceTree = "<group>"; };
		CEE890F325D96D5F006EA513 /* ViewController.swift */ = {isa = PBXFileReference; lastKnownFileType = sourcecode.swift; path = ViewController.swift; sourceTree = "<group>"; };
		CEE890F825D96D63006EA513 /* Assets.xcassets */ = {isa = PBXFileReference; lastKnownFileType = folder.assetcatalog; path = Assets.xcassets; sourceTree = "<group>"; };
		CEE890FB25D96D63006EA513 /* Base */ = {isa = PBXFileReference; lastKnownFileType = file.storyboard; name = Base; path = Base.lproj/LaunchScreen.storyboard; sourceTree = "<group>"; };
		CEE890FD25D96D63006EA513 /* Info.plist */ = {isa = PBXFileReference; lastKnownFileType = text.plist.xml; path = Info.plist; sourceTree = "<group>"; };
/* End PBXFileReference section */

/* Begin PBXFrameworksBuildPhase section */
		CEE890E925D96D5F006EA513 /* Frameworks */ = {
			isa = PBXFrameworksBuildPhase;
			buildActionMask = 2147483647;
			files = (
			);
			runOnlyForDeploymentPostprocessing = 0;
		};
/* End PBXFrameworksBuildPhase section */

/* Begin PBXGroup section */
		CE8F202725DC63E900B508D8 /* Services */ = {
			isa = PBXGroup;
			children = (
				CE8F202825DC671700B508D8 /* Theme */,
			);
			path = Services;
			sourceTree = "<group>";
		};
		CE8F202825DC671700B508D8 /* Theme */ = {
			isa = PBXGroup;
			children = (
				CE8F202925DC672A00B508D8 /* Colors.swift */,
			);
			path = Theme;
			sourceTree = "<group>";
		};
		CEA6618725D9BBDC00998F66 /* Modules */ = {
			isa = PBXGroup;
			children = (
				CEA6618A25D9BC4000998F66 /* Login */,
				CEA6618925D9BC3400998F66 /* Register */,
				CEA6618825D9BBE400998F66 /* Auth */,
			);
			path = Modules;
			sourceTree = "<group>";
		};
		CEA6618825D9BBE400998F66 /* Auth */ = {
			isa = PBXGroup;
			children = (
				CE8F201825DC636300B508D8 /* AuthViewController.swift */,
				CE8F201B25DC637900B508D8 /* AuthProtocols.swift */,
				CE8F201E25DC638500B508D8 /* AuthPresenter.swift */,
				CE8F202125DC639100B508D8 /* AuthAssembly.swift */,
				CE8F202425DC639E00B508D8 /* AuthRouter.swift */,
			);
			path = Auth;
			sourceTree = "<group>";
		};
		CEA6618925D9BC3400998F66 /* Register */ = {
			isa = PBXGroup;
			children = (
				CEA6618B25D9BC7700998F66 /* RegisterViewController.swift */,
				CEA6618F25D9BC9900998F66 /* RegisterPresenter.swift */,
				CEA6619225D9BCAD00998F66 /* RegisterProtocols.swift */,
			);
			path = Register;
			sourceTree = "<group>";
		};
		CEA6618A25D9BC4000998F66 /* Login */ = {
			isa = PBXGroup;
			children = (
			);
			path = Login;
			sourceTree = "<group>";
		};
		CEE890E325D96D5F006EA513 = {
			isa = PBXGroup;
			children = (
				CEE890EE25D96D5F006EA513 /* Travelly */,
				CEE890ED25D96D5F006EA513 /* Products */,
			);
			sourceTree = "<group>";
		};
		CEE890ED25D96D5F006EA513 /* Products */ = {
			isa = PBXGroup;
			children = (
				CEE890EC25D96D5F006EA513 /* Travelly.app */,
			);
			name = Products;
			sourceTree = "<group>";
		};
		CEE890EE25D96D5F006EA513 /* Travelly */ = {
			isa = PBXGroup;
			children = (
				CE8F202725DC63E900B508D8 /* Services */,
				CEA6618725D9BBDC00998F66 /* Modules */,
				CEE890EF25D96D5F006EA513 /* AppDelegate.swift */,
				CEE890F125D96D5F006EA513 /* SceneDelegate.swift */,
				CEE890F325D96D5F006EA513 /* ViewController.swift */,
				CEE890F825D96D63006EA513 /* Assets.xcassets */,
				CEE890FA25D96D63006EA513 /* LaunchScreen.storyboard */,
				CEE890FD25D96D63006EA513 /* Info.plist */,
			);
			path = Travelly;
			sourceTree = "<group>";
		};
/* End PBXGroup section */

/* Begin PBXNativeTarget section */
		CEE890EB25D96D5F006EA513 /* Travelly */ = {
			isa = PBXNativeTarget;
			buildConfigurationList = CEE8910025D96D63006EA513 /* Build configuration list for PBXNativeTarget "Travelly" */;
			buildPhases = (
				CEE890E825D96D5F006EA513 /* Sources */,
				CEE890E925D96D5F006EA513 /* Frameworks */,
				CEE890EA25D96D5F006EA513 /* Resources */,
			);
			buildRules = (
			);
			dependencies = (
			);
			name = Travelly;
			productName = Travelly;
			productReference = CEE890EC25D96D5F006EA513 /* Travelly.app */;
			productType = "com.apple.product-type.application";
		};
/* End PBXNativeTarget section */

/* Begin PBXProject section */
		CEE890E425D96D5F006EA513 /* Project object */ = {
			isa = PBXProject;
			attributes = {
				LastSwiftUpdateCheck = 1230;
				LastUpgradeCheck = 1230;
				TargetAttributes = {
					CEE890EB25D96D5F006EA513 = {
						CreatedOnToolsVersion = 12.3;
					};
				};
			};
			buildConfigurationList = CEE890E725D96D5F006EA513 /* Build configuration list for PBXProject "Travelly" */;
			compatibilityVersion = "Xcode 9.3";
			developmentRegion = en;
			hasScannedForEncodings = 0;
			knownRegions = (
				en,
				Base,
			);
			mainGroup = CEE890E325D96D5F006EA513;
			productRefGroup = CEE890ED25D96D5F006EA513 /* Products */;
			projectDirPath = "";
			projectRoot = "";
			targets = (
				CEE890EB25D96D5F006EA513 /* Travelly */,
			);
		};
/* End PBXProject section */

/* Begin PBXResourcesBuildPhase section */
		CEE890EA25D96D5F006EA513 /* Resources */ = {
			isa = PBXResourcesBuildPhase;
			buildActionMask = 2147483647;
			files = (
				CEE890FC25D96D63006EA513 /* LaunchScreen.storyboard in Resources */,
				CEE890F925D96D63006EA513 /* Assets.xcassets in Resources */,
			);
			runOnlyForDeploymentPostprocessing = 0;
		};
/* End PBXResourcesBuildPhase section */

/* Begin PBXSourcesBuildPhase section */
		CEE890E825D96D5F006EA513 /* Sources */ = {
			isa = PBXSourcesBuildPhase;
			buildActionMask = 2147483647;
			files = (
				CEA6619325D9BCAD00998F66 /* RegisterProtocols.swift in Sources */,
				CE8F202A25DC672A00B508D8 /* Colors.swift in Sources */,
				CEA6619025D9BC9900998F66 /* RegisterPresenter.swift in Sources */,
				CEE890F425D96D5F006EA513 /* ViewController.swift in Sources */,
				CE8F201925DC636300B508D8 /* AuthViewController.swift in Sources */,
				CE8F201F25DC638500B508D8 /* AuthPresenter.swift in Sources */,
				CEE890F025D96D5F006EA513 /* AppDelegate.swift in Sources */,
				CE8F201C25DC637900B508D8 /* AuthProtocols.swift in Sources */,
				CEE890F225D96D5F006EA513 /* SceneDelegate.swift in Sources */,
				CE8F202525DC639E00B508D8 /* AuthRouter.swift in Sources */,
				CEA6618C25D9BC7700998F66 /* RegisterViewController.swift in Sources */,
				CE8F202225DC639100B508D8 /* AuthAssembly.swift in Sources */,
			);
			runOnlyForDeploymentPostprocessing = 0;
		};
/* End PBXSourcesBuildPhase section */

/* Begin PBXVariantGroup section */
		CEE890FA25D96D63006EA513 /* LaunchScreen.storyboard */ = {
			isa = PBXVariantGroup;
			children = (
				CEE890FB25D96D63006EA513 /* Base */,
			);
			name = LaunchScreen.storyboard;
			sourceTree = "<group>";
		};
/* End PBXVariantGroup section */

/* Begin XCBuildConfiguration section */
		CEE890FE25D96D63006EA513 /* Debug */ = {
			isa = XCBuildConfiguration;
			buildSettings = {
				ALWAYS_SEARCH_USER_PATHS = NO;
				CLANG_ANALYZER_NONNULL = YES;
				CLANG_ANALYZER_NUMBER_OBJECT_CONVERSION = YES_AGGRESSIVE;
				CLANG_CXX_LANGUAGE_STANDARD = "gnu++14";
				CLANG_CXX_LIBRARY = "libc++";
				CLANG_ENABLE_MODULES = YES;
				CLANG_ENABLE_OBJC_ARC = YES;
				CLANG_ENABLE_OBJC_WEAK = YES;
				CLANG_WARN_BLOCK_CAPTURE_AUTORELEASING = YES;
				CLANG_WARN_BOOL_CONVERSION = YES;
				CLANG_WARN_COMMA = YES;
				CLANG_WARN_CONSTANT_CONVERSION = YES;
				CLANG_WARN_DEPRECATED_OBJC_IMPLEMENTATIONS = YES;
				CLANG_WARN_DIRECT_OBJC_ISA_USAGE = YES_ERROR;
				CLANG_WARN_DOCUMENTATION_COMMENTS = YES;
				CLANG_WARN_EMPTY_BODY = YES;
				CLANG_WARN_ENUM_CONVERSION = YES;
				CLANG_WARN_INFINITE_RECURSION = YES;
				CLANG_WARN_INT_CONVERSION = YES;
				CLANG_WARN_NON_LITERAL_NULL_CONVERSION = YES;
				CLANG_WARN_OBJC_IMPLICIT_RETAIN_SELF = YES;
				CLANG_WARN_OBJC_LITERAL_CONVERSION = YES;
				CLANG_WARN_OBJC_ROOT_CLASS = YES_ERROR;
				CLANG_WARN_QUOTED_INCLUDE_IN_FRAMEWORK_HEADER = YES;
				CLANG_WARN_RANGE_LOOP_ANALYSIS = YES;
				CLANG_WARN_STRICT_PROTOTYPES = YES;
				CLANG_WARN_SUSPICIOUS_MOVE = YES;
				CLANG_WARN_UNGUARDED_AVAILABILITY = YES_AGGRESSIVE;
				CLANG_WARN_UNREACHABLE_CODE = YES;
				CLANG_WARN__DUPLICATE_METHOD_MATCH = YES;
				COPY_PHASE_STRIP = NO;
				DEBUG_INFORMATION_FORMAT = dwarf;
				ENABLE_STRICT_OBJC_MSGSEND = YES;
				ENABLE_TESTABILITY = YES;
				GCC_C_LANGUAGE_STANDARD = gnu11;
				GCC_DYNAMIC_NO_PIC = NO;
				GCC_NO_COMMON_BLOCKS = YES;
				GCC_OPTIMIZATION_LEVEL = 0;
				GCC_PREPROCESSOR_DEFINITIONS = (
					"DEBUG=1",
					"$(inherited)",
				);
				GCC_WARN_64_TO_32_BIT_CONVERSION = YES;
				GCC_WARN_ABOUT_RETURN_TYPE = YES_ERROR;
				GCC_WARN_UNDECLARED_SELECTOR = YES;
				GCC_WARN_UNINITIALIZED_AUTOS = YES_AGGRESSIVE;
				GCC_WARN_UNUSED_FUNCTION = YES;
				GCC_WARN_UNUSED_VARIABLE = YES;
				IPHONEOS_DEPLOYMENT_TARGET = 14.3;
				MTL_ENABLE_DEBUG_INFO = INCLUDE_SOURCE;
				MTL_FAST_MATH = YES;
				ONLY_ACTIVE_ARCH = YES;
				SDKROOT = iphoneos;
				SWIFT_ACTIVE_COMPILATION_CONDITIONS = DEBUG;
				SWIFT_OPTIMIZATION_LEVEL = "-Onone";
			};
			name = Debug;
		};
		CEE890FF25D96D63006EA513 /* Release */ = {
			isa = XCBuildConfiguration;
			buildSettings = {
				ALWAYS_SEARCH_USER_PATHS = NO;
				CLANG_ANALYZER_NONNULL = YES;
				CLANG_ANALYZER_NUMBER_OBJECT_CONVERSION = YES_AGGRESSIVE;
				CLANG_CXX_LANGUAGE_STANDARD = "gnu++14";
				CLANG_CXX_LIBRARY = "libc++";
				CLANG_ENABLE_MODULES = YES;
				CLANG_ENABLE_OBJC_ARC = YES;
				CLANG_ENABLE_OBJC_WEAK = YES;
				CLANG_WARN_BLOCK_CAPTURE_AUTORELEASING = YES;
				CLANG_WARN_BOOL_CONVERSION = YES;
				CLANG_WARN_COMMA = YES;
				CLANG_WARN_CONSTANT_CONVERSION = YES;
				CLANG_WARN_DEPRECATED_OBJC_IMPLEMENTATIONS = YES;
				CLANG_WARN_DIRECT_OBJC_ISA_USAGE = YES_ERROR;
				CLANG_WARN_DOCUMENTATION_COMMENTS = YES;
				CLANG_WARN_EMPTY_BODY = YES;
				CLANG_WARN_ENUM_CONVERSION = YES;
				CLANG_WARN_INFINITE_RECURSION = YES;
				CLANG_WARN_INT_CONVERSION = YES;
				CLANG_WARN_NON_LITERAL_NULL_CONVERSION = YES;
				CLANG_WARN_OBJC_IMPLICIT_RETAIN_SELF = YES;
				CLANG_WARN_OBJC_LITERAL_CONVERSION = YES;
				CLANG_WARN_OBJC_ROOT_CLASS = YES_ERROR;
				CLANG_WARN_QUOTED_INCLUDE_IN_FRAMEWORK_HEADER = YES;
				CLANG_WARN_RANGE_LOOP_ANALYSIS = YES;
				CLANG_WARN_STRICT_PROTOTYPES = YES;
				CLANG_WARN_SUSPICIOUS_MOVE = YES;
				CLANG_WARN_UNGUARDED_AVAILABILITY = YES_AGGRESSIVE;
				CLANG_WARN_UNREACHABLE_CODE = YES;
				CLANG_WARN__DUPLICATE_METHOD_MATCH = YES;
				COPY_PHASE_STRIP = NO;
				DEBUG_INFORMATION_FORMAT = "dwarf-with-dsym";
				ENABLE_NS_ASSERTIONS = NO;
				ENABLE_STRICT_OBJC_MSGSEND = YES;
				GCC_C_LANGUAGE_STANDARD = gnu11;
				GCC_NO_COMMON_BLOCKS = YES;
				GCC_WARN_64_TO_32_BIT_CONVERSION = YES;
				GCC_WARN_ABOUT_RETURN_TYPE = YES_ERROR;
				GCC_WARN_UNDECLARED_SELECTOR = YES;
				GCC_WARN_UNINITIALIZED_AUTOS = YES_AGGRESSIVE;
				GCC_WARN_UNUSED_FUNCTION = YES;
				GCC_WARN_UNUSED_VARIABLE = YES;
				IPHONEOS_DEPLOYMENT_TARGET = 14.3;
				MTL_ENABLE_DEBUG_INFO = NO;
				MTL_FAST_MATH = YES;
				SDKROOT = iphoneos;
				SWIFT_COMPILATION_MODE = wholemodule;
				SWIFT_OPTIMIZATION_LEVEL = "-O";
				VALIDATE_PRODUCT = YES;
			};
			name = Release;
		};
		CEE8910125D96D63006EA513 /* Debug */ = {
			isa = XCBuildConfiguration;
			buildSettings = {
				ASSETCATALOG_COMPILER_APPICON_NAME = AppIcon;
				ASSETCATALOG_COMPILER_GLOBAL_ACCENT_COLOR_NAME = AccentColor;
				CODE_SIGN_STYLE = Automatic;
				DEVELOPMENT_TEAM = YP62A52W5G;
				INFOPLIST_FILE = Travelly/Info.plist;
				LD_RUNPATH_SEARCH_PATHS = (
					"$(inherited)",
					"@executable_path/Frameworks",
				);
				PRODUCT_BUNDLE_IDENTIFIER = com.smartduck.Travelly;
				PRODUCT_NAME = "$(TARGET_NAME)";
				SWIFT_VERSION = 5.0;
				TARGETED_DEVICE_FAMILY = 1;
			};
			name = Debug;
		};
		CEE8910225D96D63006EA513 /* Release */ = {
			isa = XCBuildConfiguration;
			buildSettings = {
				ASSETCATALOG_COMPILER_APPICON_NAME = AppIcon;
				ASSETCATALOG_COMPILER_GLOBAL_ACCENT_COLOR_NAME = AccentColor;
				CODE_SIGN_STYLE = Automatic;
				DEVELOPMENT_TEAM = YP62A52W5G;
				INFOPLIST_FILE = Travelly/Info.plist;
				LD_RUNPATH_SEARCH_PATHS = (
					"$(inherited)",
					"@executable_path/Frameworks",
				);
				PRODUCT_BUNDLE_IDENTIFIER = com.smartduck.Travelly;
				PRODUCT_NAME = "$(TARGET_NAME)";
				SWIFT_VERSION = 5.0;
				TARGETED_DEVICE_FAMILY = 1;
			};
			name = Release;
		};
/* End XCBuildConfiguration section */

/* Begin XCConfigurationList section */
		CEE890E725D96D5F006EA513 /* Build configuration list for PBXProject "Travelly" */ = {
			isa = XCConfigurationList;
			buildConfigurations = (
				CEE890FE25D96D63006EA513 /* Debug */,
				CEE890FF25D96D63006EA513 /* Release */,
			);
			defaultConfigurationIsVisible = 0;
			defaultConfigurationName = Release;
		};
		CEE8910025D96D63006EA513 /* Build configuration list for PBXNativeTarget "Travelly" */ = {
			isa = XCConfigurationList;
			buildConfigurations = (
				CEE8910125D96D63006EA513 /* Debug */,
				CEE8910225D96D63006EA513 /* Release */,
			);
			defaultConfigurationIsVisible = 0;
			defaultConfigurationName = Release;
		};
/* End XCConfigurationList section */
	};
	rootObject = CEE890E425D96D5F006EA513 /* Project object */;
}
