// !$*UTF8*$!
{
	archiveVersion = 1;
	classes = {
	};
	objectVersion = 51;
	objects = {

/* Begin PBXBuildFile section */
		9BDDB401BE2F36B0E1AEEF41 /* Pods_Travelly.framework in Frameworks */ = {isa = PBXBuildFile; fileRef = 92A1BE50488A5581B7F08CDF /* Pods_Travelly.framework */; };
		CE483F4A25E70E9B00806B44 /* NetworkProtocol.swift in Sources */ = {isa = PBXBuildFile; fileRef = CE483F4925E70E9B00806B44 /* NetworkProtocol.swift */; };
		CE483F4D25E70F0100806B44 /* AlamofireNetworkService.swift in Sources */ = {isa = PBXBuildFile; fileRef = CE483F4C25E70F0100806B44 /* AlamofireNetworkService.swift */; };
		CE4B765525E13DC000E4D8EC /* SwinjectContainer.swift in Sources */ = {isa = PBXBuildFile; fileRef = CE4B765425E13DC000E4D8EC /* SwinjectContainer.swift */; };
		CE4B765825E13F5600E4D8EC /* DependencyContainerProtocol.swift in Sources */ = {isa = PBXBuildFile; fileRef = CE4B765725E13F5600E4D8EC /* DependencyContainerProtocol.swift */; };
		CE4B766225E1504C00E4D8EC /* DependencyRegistratorProtocol.swift in Sources */ = {isa = PBXBuildFile; fileRef = CE4B766125E1504C00E4D8EC /* DependencyRegistratorProtocol.swift */; };
		CE6829C025E836EC00D894E4 /* NetworkConfig.swift in Sources */ = {isa = PBXBuildFile; fileRef = CE6829BF25E836EC00D894E4 /* NetworkConfig.swift */; };
		CE6829C325E8526D00D894E4 /* LoginProtocols.swift in Sources */ = {isa = PBXBuildFile; fileRef = CE6829C225E8526D00D894E4 /* LoginProtocols.swift */; };
		CE6829C625E8571000D894E4 /* LoginPresenter.swift in Sources */ = {isa = PBXBuildFile; fileRef = CE6829C525E8571000D894E4 /* LoginPresenter.swift */; };
		CE6829C925E8572E00D894E4 /* LoginRouter.swift in Sources */ = {isa = PBXBuildFile; fileRef = CE6829C825E8572E00D894E4 /* LoginRouter.swift */; };
		CE6829CC25E857F300D894E4 /* LoginInteractor.swift in Sources */ = {isa = PBXBuildFile; fileRef = CE6829CB25E857F300D894E4 /* LoginInteractor.swift */; };
		CE6829CF25E8583200D894E4 /* LoginData.swift in Sources */ = {isa = PBXBuildFile; fileRef = CE6829CE25E8583200D894E4 /* LoginData.swift */; };
		CE6829D225E858E900D894E4 /* LoginAssembly.swift in Sources */ = {isa = PBXBuildFile; fileRef = CE6829D125E858E900D894E4 /* LoginAssembly.swift */; };
		CE8F201925DC636300B508D8 /* AuthViewController.swift in Sources */ = {isa = PBXBuildFile; fileRef = CE8F201825DC636300B508D8 /* AuthViewController.swift */; };
		CE8F201C25DC637900B508D8 /* AuthProtocols.swift in Sources */ = {isa = PBXBuildFile; fileRef = CE8F201B25DC637900B508D8 /* AuthProtocols.swift */; };
		CE8F201F25DC638500B508D8 /* AuthPresenter.swift in Sources */ = {isa = PBXBuildFile; fileRef = CE8F201E25DC638500B508D8 /* AuthPresenter.swift */; };
		CE8F202225DC639100B508D8 /* AuthAssembly.swift in Sources */ = {isa = PBXBuildFile; fileRef = CE8F202125DC639100B508D8 /* AuthAssembly.swift */; };
		CE8F202525DC639E00B508D8 /* AuthRouter.swift in Sources */ = {isa = PBXBuildFile; fileRef = CE8F202425DC639E00B508D8 /* AuthRouter.swift */; };
		CE8F202A25DC672A00B508D8 /* Buttons.swift in Sources */ = {isa = PBXBuildFile; fileRef = CE8F202925DC672A00B508D8 /* Buttons.swift */; };
		CE95B41725E07240008DA51C /* LoginViewController.swift in Sources */ = {isa = PBXBuildFile; fileRef = CE95B41625E07240008DA51C /* LoginViewController.swift */; };
		CEA6618C25D9BC7700998F66 /* RegisterViewController.swift in Sources */ = {isa = PBXBuildFile; fileRef = CEA6618B25D9BC7700998F66 /* RegisterViewController.swift */; };
		CEA6619025D9BC9900998F66 /* RegisterPresenter.swift in Sources */ = {isa = PBXBuildFile; fileRef = CEA6618F25D9BC9900998F66 /* RegisterPresenter.swift */; };
		CEA6619325D9BCAD00998F66 /* RegisterProtocols.swift in Sources */ = {isa = PBXBuildFile; fileRef = CEA6619225D9BCAD00998F66 /* RegisterProtocols.swift */; };
		CEA9AACC25E1B65200BBE98C /* RegisterData.swift in Sources */ = {isa = PBXBuildFile; fileRef = CEA9AACB25E1B65200BBE98C /* RegisterData.swift */; };
		CEA9AACF25E1B81100BBE98C /* RegisterRouter.swift in Sources */ = {isa = PBXBuildFile; fileRef = CEA9AACE25E1B81100BBE98C /* RegisterRouter.swift */; };
		CEA9AAD225E1B83400BBE98C /* RegisterInteractor.swift in Sources */ = {isa = PBXBuildFile; fileRef = CEA9AAD125E1B83400BBE98C /* RegisterInteractor.swift */; };
		CEA9AAD525E1BA3500BBE98C /* RegisterAssembly.swift in Sources */ = {isa = PBXBuildFile; fileRef = CEA9AAD425E1BA3500BBE98C /* RegisterAssembly.swift */; };
		CEA9AADA25E1C67A00BBE98C /* UITextFieldExtension.swift in Sources */ = {isa = PBXBuildFile; fileRef = CEA9AAD925E1C67A00BBE98C /* UITextFieldExtension.swift */; };
		CEA9AADE25E1C70200BBE98C /* TextFields.swift in Sources */ = {isa = PBXBuildFile; fileRef = CEA9AADD25E1C70200BBE98C /* TextFields.swift */; };
		CEE890F025D96D5F006EA513 /* AppDelegate.swift in Sources */ = {isa = PBXBuildFile; fileRef = CEE890EF25D96D5F006EA513 /* AppDelegate.swift */; };
		CEE890F225D96D5F006EA513 /* SceneDelegate.swift in Sources */ = {isa = PBXBuildFile; fileRef = CEE890F125D96D5F006EA513 /* SceneDelegate.swift */; };
		CEE890F425D96D5F006EA513 /* ViewController.swift in Sources */ = {isa = PBXBuildFile; fileRef = CEE890F325D96D5F006EA513 /* ViewController.swift */; };
		CEE890F925D96D63006EA513 /* Assets.xcassets in Resources */ = {isa = PBXBuildFile; fileRef = CEE890F825D96D63006EA513 /* Assets.xcassets */; };
		CEE890FC25D96D63006EA513 /* LaunchScreen.storyboard in Resources */ = {isa = PBXBuildFile; fileRef = CEE890FA25D96D63006EA513 /* LaunchScreen.storyboard */; };
/* End PBXBuildFile section */

/* Begin PBXFileReference section */
		5E5645290ADEB416C4D241CD /* Pods-Travelly.release.xcconfig */ = {isa = PBXFileReference; includeInIndex = 1; lastKnownFileType = text.xcconfig; name = "Pods-Travelly.release.xcconfig"; path = "Target Support Files/Pods-Travelly/Pods-Travelly.release.xcconfig"; sourceTree = "<group>"; };
		92A1BE50488A5581B7F08CDF /* Pods_Travelly.framework */ = {isa = PBXFileReference; explicitFileType = wrapper.framework; includeInIndex = 0; path = Pods_Travelly.framework; sourceTree = BUILT_PRODUCTS_DIR; };
		CE483F4925E70E9B00806B44 /* NetworkProtocol.swift */ = {isa = PBXFileReference; lastKnownFileType = sourcecode.swift; path = NetworkProtocol.swift; sourceTree = "<group>"; };
		CE483F4C25E70F0100806B44 /* AlamofireNetworkService.swift */ = {isa = PBXFileReference; lastKnownFileType = sourcecode.swift; path = AlamofireNetworkService.swift; sourceTree = "<group>"; };
		CE4B765425E13DC000E4D8EC /* SwinjectContainer.swift */ = {isa = PBXFileReference; lastKnownFileType = sourcecode.swift; path = SwinjectContainer.swift; sourceTree = "<group>"; };
		CE4B765725E13F5600E4D8EC /* DependencyContainerProtocol.swift */ = {isa = PBXFileReference; lastKnownFileType = sourcecode.swift; path = DependencyContainerProtocol.swift; sourceTree = "<group>"; };
		CE4B766125E1504C00E4D8EC /* DependencyRegistratorProtocol.swift */ = {isa = PBXFileReference; lastKnownFileType = sourcecode.swift; path = DependencyRegistratorProtocol.swift; sourceTree = "<group>"; };
		CE6829BF25E836EC00D894E4 /* NetworkConfig.swift */ = {isa = PBXFileReference; lastKnownFileType = sourcecode.swift; path = NetworkConfig.swift; sourceTree = "<group>"; };
		CE6829C225E8526D00D894E4 /* LoginProtocols.swift */ = {isa = PBXFileReference; lastKnownFileType = sourcecode.swift; path = LoginProtocols.swift; sourceTree = "<group>"; };
		CE6829C525E8571000D894E4 /* LoginPresenter.swift */ = {isa = PBXFileReference; lastKnownFileType = sourcecode.swift; path = LoginPresenter.swift; sourceTree = "<group>"; };
		CE6829C825E8572E00D894E4 /* LoginRouter.swift */ = {isa = PBXFileReference; lastKnownFileType = sourcecode.swift; path = LoginRouter.swift; sourceTree = "<group>"; };
		CE6829CB25E857F300D894E4 /* LoginInteractor.swift */ = {isa = PBXFileReference; lastKnownFileType = sourcecode.swift; path = LoginInteractor.swift; sourceTree = "<group>"; };
		CE6829CE25E8583200D894E4 /* LoginData.swift */ = {isa = PBXFileReference; lastKnownFileType = sourcecode.swift; path = LoginData.swift; sourceTree = "<group>"; };
		CE6829D125E858E900D894E4 /* LoginAssembly.swift */ = {isa = PBXFileReference; lastKnownFileType = sourcecode.swift; path = LoginAssembly.swift; sourceTree = "<group>"; };
		CE8F201825DC636300B508D8 /* AuthViewController.swift */ = {isa = PBXFileReference; lastKnownFileType = sourcecode.swift; path = AuthViewController.swift; sourceTree = "<group>"; };
		CE8F201B25DC637900B508D8 /* AuthProtocols.swift */ = {isa = PBXFileReference; lastKnownFileType = sourcecode.swift; path = AuthProtocols.swift; sourceTree = "<group>"; };
		CE8F201E25DC638500B508D8 /* AuthPresenter.swift */ = {isa = PBXFileReference; lastKnownFileType = sourcecode.swift; path = AuthPresenter.swift; sourceTree = "<group>"; };
		CE8F202125DC639100B508D8 /* AuthAssembly.swift */ = {isa = PBXFileReference; lastKnownFileType = sourcecode.swift; path = AuthAssembly.swift; sourceTree = "<group>"; };
		CE8F202425DC639E00B508D8 /* AuthRouter.swift */ = {isa = PBXFileReference; lastKnownFileType = sourcecode.swift; path = AuthRouter.swift; sourceTree = "<group>"; };
		CE8F202925DC672A00B508D8 /* Buttons.swift */ = {isa = PBXFileReference; lastKnownFileType = sourcecode.swift; path = Buttons.swift; sourceTree = "<group>"; };
		CE95B41625E07240008DA51C /* LoginViewController.swift */ = {isa = PBXFileReference; lastKnownFileType = sourcecode.swift; path = LoginViewController.swift; sourceTree = "<group>"; };
		CEA6618B25D9BC7700998F66 /* RegisterViewController.swift */ = {isa = PBXFileReference; lastKnownFileType = sourcecode.swift; path = RegisterViewController.swift; sourceTree = "<group>"; };
		CEA6618F25D9BC9900998F66 /* RegisterPresenter.swift */ = {isa = PBXFileReference; lastKnownFileType = sourcecode.swift; path = RegisterPresenter.swift; sourceTree = "<group>"; };
		CEA6619225D9BCAD00998F66 /* RegisterProtocols.swift */ = {isa = PBXFileReference; lastKnownFileType = sourcecode.swift; path = RegisterProtocols.swift; sourceTree = "<group>"; };
		CEA9AACB25E1B65200BBE98C /* RegisterData.swift */ = {isa = PBXFileReference; lastKnownFileType = sourcecode.swift; path = RegisterData.swift; sourceTree = "<group>"; };
		CEA9AACE25E1B81100BBE98C /* RegisterRouter.swift */ = {isa = PBXFileReference; lastKnownFileType = sourcecode.swift; path = RegisterRouter.swift; sourceTree = "<group>"; };
		CEA9AAD125E1B83400BBE98C /* RegisterInteractor.swift */ = {isa = PBXFileReference; lastKnownFileType = sourcecode.swift; path = RegisterInteractor.swift; sourceTree = "<group>"; };
		CEA9AAD425E1BA3500BBE98C /* RegisterAssembly.swift */ = {isa = PBXFileReference; lastKnownFileType = sourcecode.swift; path = RegisterAssembly.swift; sourceTree = "<group>"; };
		CEA9AAD925E1C67A00BBE98C /* UITextFieldExtension.swift */ = {isa = PBXFileReference; lastKnownFileType = sourcecode.swift; path = UITextFieldExtension.swift; sourceTree = "<group>"; };
		CEA9AADD25E1C70200BBE98C /* TextFields.swift */ = {isa = PBXFileReference; lastKnownFileType = sourcecode.swift; path = TextFields.swift; sourceTree = "<group>"; };
		CEE890EC25D96D5F006EA513 /* Travelly.app */ = {isa = PBXFileReference; explicitFileType = wrapper.application; includeInIndex = 0; path = Travelly.app; sourceTree = BUILT_PRODUCTS_DIR; };
		CEE890EF25D96D5F006EA513 /* AppDelegate.swift */ = {isa = PBXFileReference; lastKnownFileType = sourcecode.swift; path = AppDelegate.swift; sourceTree = "<group>"; };
		CEE890F125D96D5F006EA513 /* SceneDelegate.swift */ = {isa = PBXFileReference; lastKnownFileType = sourcecode.swift; path = SceneDelegate.swift; sourceTree = "<group>"; };
		CEE890F325D96D5F006EA513 /* ViewController.swift */ = {isa = PBXFileReference; lastKnownFileType = sourcecode.swift; path = ViewController.swift; sourceTree = "<group>"; };
		CEE890F825D96D63006EA513 /* Assets.xcassets */ = {isa = PBXFileReference; lastKnownFileType = folder.assetcatalog; path = Assets.xcassets; sourceTree = "<group>"; };
		CEE890FB25D96D63006EA513 /* Base */ = {isa = PBXFileReference; lastKnownFileType = file.storyboard; name = Base; path = Base.lproj/LaunchScreen.storyboard; sourceTree = "<group>"; };
		CEE890FD25D96D63006EA513 /* Info.plist */ = {isa = PBXFileReference; lastKnownFileType = text.plist.xml; path = Info.plist; sourceTree = "<group>"; };
		E4C10CDA75BCD99143C07D32 /* Pods-Travelly.debug.xcconfig */ = {isa = PBXFileReference; includeInIndex = 1; lastKnownFileType = text.xcconfig; name = "Pods-Travelly.debug.xcconfig"; path = "Target Support Files/Pods-Travelly/Pods-Travelly.debug.xcconfig"; sourceTree = "<group>"; };
/* End PBXFileReference section */

/* Begin PBXFrameworksBuildPhase section */
		CEE890E925D96D5F006EA513 /* Frameworks */ = {
			isa = PBXFrameworksBuildPhase;
			buildActionMask = 2147483647;
			files = (
				9BDDB401BE2F36B0E1AEEF41 /* Pods_Travelly.framework in Frameworks */,
			);
			runOnlyForDeploymentPostprocessing = 0;
		};
/* End PBXFrameworksBuildPhase section */

/* Begin PBXGroup section */
		9EF341B0F2778359BD9CCE77 /* Pods */ = {
			isa = PBXGroup;
			children = (
				E4C10CDA75BCD99143C07D32 /* Pods-Travelly.debug.xcconfig */,
				5E5645290ADEB416C4D241CD /* Pods-Travelly.release.xcconfig */,
			);
			path = Pods;
			sourceTree = "<group>";
		};
		CE483F4825E70E8A00806B44 /* Network */ = {
			isa = PBXGroup;
			children = (
				CE483F4925E70E9B00806B44 /* NetworkProtocol.swift */,
				CE483F4C25E70F0100806B44 /* AlamofireNetworkService.swift */,
				CE6829BF25E836EC00D894E4 /* NetworkConfig.swift */,
			);
			path = Network;
			sourceTree = "<group>";
		};
		CE4B765325E13D7800E4D8EC /* DependencyService */ = {
			isa = PBXGroup;
			children = (
				CE4B765425E13DC000E4D8EC /* SwinjectContainer.swift */,
				CE4B765725E13F5600E4D8EC /* DependencyContainerProtocol.swift */,
				CE4B766125E1504C00E4D8EC /* DependencyRegistratorProtocol.swift */,
			);
			path = DependencyService;
			sourceTree = "<group>";
		};
		CE8F202725DC63E900B508D8 /* Services */ = {
			isa = PBXGroup;
			children = (
				CE483F4825E70E8A00806B44 /* Network */,
				CE4B765325E13D7800E4D8EC /* DependencyService */,
				CE8F202825DC671700B508D8 /* Style */,
			);
			path = Services;
			sourceTree = "<group>";
		};
		CE8F202825DC671700B508D8 /* Style */ = {
			isa = PBXGroup;
			children = (
				CE8F202925DC672A00B508D8 /* Buttons.swift */,
				CEA9AADD25E1C70200BBE98C /* TextFields.swift */,
			);
			path = Style;
			sourceTree = "<group>";
		};
		CEA6618725D9BBDC00998F66 /* Modules */ = {
			isa = PBXGroup;
			children = (
				CEA6618A25D9BC4000998F66 /* Login */,
				CEA6618925D9BC3400998F66 /* Register */,
				CEA6618825D9BBE400998F66 /* Auth */,
			);
			path = Modules;
			sourceTree = "<group>";
		};
		CEA6618825D9BBE400998F66 /* Auth */ = {
			isa = PBXGroup;
			children = (
				CE8F201825DC636300B508D8 /* AuthViewController.swift */,
				CE8F201B25DC637900B508D8 /* AuthProtocols.swift */,
				CE8F201E25DC638500B508D8 /* AuthPresenter.swift */,
				CE8F202125DC639100B508D8 /* AuthAssembly.swift */,
				CE8F202425DC639E00B508D8 /* AuthRouter.swift */,
			);
			path = Auth;
			sourceTree = "<group>";
		};
		CEA6618925D9BC3400998F66 /* Register */ = {
			isa = PBXGroup;
			children = (
				CEA6618B25D9BC7700998F66 /* RegisterViewController.swift */,
				CEA6618F25D9BC9900998F66 /* RegisterPresenter.swift */,
				CEA6619225D9BCAD00998F66 /* RegisterProtocols.swift */,
				CEA9AACB25E1B65200BBE98C /* RegisterData.swift */,
				CEA9AACE25E1B81100BBE98C /* RegisterRouter.swift */,
				CEA9AAD125E1B83400BBE98C /* RegisterInteractor.swift */,
				CEA9AAD425E1BA3500BBE98C /* RegisterAssembly.swift */,
			);
			path = Register;
			sourceTree = "<group>";
		};
		CEA6618A25D9BC4000998F66 /* Login */ = {
			isa = PBXGroup;
			children = (
				CE95B41625E07240008DA51C /* LoginViewController.swift */,
				CE6829C225E8526D00D894E4 /* LoginProtocols.swift */,
				CE6829C525E8571000D894E4 /* LoginPresenter.swift */,
				CE6829C825E8572E00D894E4 /* LoginRouter.swift */,
				CE6829CB25E857F300D894E4 /* LoginInteractor.swift */,
				CE6829CE25E8583200D894E4 /* LoginData.swift */,
				CE6829D125E858E900D894E4 /* LoginAssembly.swift */,
			);
			path = Login;
			sourceTree = "<group>";
		};
		CEA9AAD725E1C64D00BBE98C /* Extensions */ = {
			isa = PBXGroup;
			children = (
				CEA9AAD925E1C67A00BBE98C /* UITextFieldExtension.swift */,
			);
			path = Extensions;
			sourceTree = "<group>";
		};
		CEE890E325D96D5F006EA513 = {
			isa = PBXGroup;
			children = (
				CEE890EE25D96D5F006EA513 /* Travelly */,
				CEE890ED25D96D5F006EA513 /* Products */,
				9EF341B0F2778359BD9CCE77 /* Pods */,
				FCBC64DDB275784026201D6D /* Frameworks */,
			);
			sourceTree = "<group>";
		};
		CEE890ED25D96D5F006EA513 /* Products */ = {
			isa = PBXGroup;
			children = (
				CEE890EC25D96D5F006EA513 /* Travelly.app */,
			);
			name = Products;
			sourceTree = "<group>";
		};
		CEE890EE25D96D5F006EA513 /* Travelly */ = {
			isa = PBXGroup;
			children = (
				CEA9AAD725E1C64D00BBE98C /* Extensions */,
				CE8F202725DC63E900B508D8 /* Services */,
				CEA6618725D9BBDC00998F66 /* Modules */,
				CEE890EF25D96D5F006EA513 /* AppDelegate.swift */,
				CEE890F125D96D5F006EA513 /* SceneDelegate.swift */,
				CEE890F325D96D5F006EA513 /* ViewController.swift */,
				CEE890F825D96D63006EA513 /* Assets.xcassets */,
				CEE890FA25D96D63006EA513 /* LaunchScreen.storyboard */,
				CEE890FD25D96D63006EA513 /* Info.plist */,
			);
			path = Travelly;
			sourceTree = "<group>";
		};
		FCBC64DDB275784026201D6D /* Frameworks */ = {
			isa = PBXGroup;
			children = (
				92A1BE50488A5581B7F08CDF /* Pods_Travelly.framework */,
			);
			name = Frameworks;
			sourceTree = "<group>";
		};
/* End PBXGroup section */

/* Begin PBXNativeTarget section */
		CEE890EB25D96D5F006EA513 /* Travelly */ = {
			isa = PBXNativeTarget;
			buildConfigurationList = CEE8910025D96D63006EA513 /* Build configuration list for PBXNativeTarget "Travelly" */;
			buildPhases = (
				19E15E8DBE7EC575489C089F /* [CP] Check Pods Manifest.lock */,
				CEE890E825D96D5F006EA513 /* Sources */,
				CEE890E925D96D5F006EA513 /* Frameworks */,
				CEE890EA25D96D5F006EA513 /* Resources */,
				71A833E97E7DCBB42E78780B /* [CP] Embed Pods Frameworks */,
			);
			buildRules = (
			);
			dependencies = (
			);
			name = Travelly;
			productName = Travelly;
			productReference = CEE890EC25D96D5F006EA513 /* Travelly.app */;
			productType = "com.apple.product-type.application";
		};
/* End PBXNativeTarget section */

/* Begin PBXProject section */
		CEE890E425D96D5F006EA513 /* Project object */ = {
			isa = PBXProject;
			attributes = {
				LastSwiftUpdateCheck = 1230;
				LastUpgradeCheck = 1230;
				TargetAttributes = {
					CEE890EB25D96D5F006EA513 = {
						CreatedOnToolsVersion = 12.3;
					};
				};
			};
			buildConfigurationList = CEE890E725D96D5F006EA513 /* Build configuration list for PBXProject "Travelly" */;
			compatibilityVersion = "Xcode 9.3";
			developmentRegion = en;
			hasScannedForEncodings = 0;
			knownRegions = (
				en,
				Base,
			);
			mainGroup = CEE890E325D96D5F006EA513;
			productRefGroup = CEE890ED25D96D5F006EA513 /* Products */;
			projectDirPath = "";
			projectRoot = "";
			targets = (
				CEE890EB25D96D5F006EA513 /* Travelly */,
			);
		};
/* End PBXProject section */

/* Begin PBXResourcesBuildPhase section */
		CEE890EA25D96D5F006EA513 /* Resources */ = {
			isa = PBXResourcesBuildPhase;
			buildActionMask = 2147483647;
			files = (
				CEE890FC25D96D63006EA513 /* LaunchScreen.storyboard in Resources */,
				CEE890F925D96D63006EA513 /* Assets.xcassets in Resources */,
			);
			runOnlyForDeploymentPostprocessing = 0;
		};
/* End PBXResourcesBuildPhase section */

/* Begin PBXShellScriptBuildPhase section */
		19E15E8DBE7EC575489C089F /* [CP] Check Pods Manifest.lock */ = {
			isa = PBXShellScriptBuildPhase;
			buildActionMask = 2147483647;
			files = (
			);
			inputFileListPaths = (
			);
			inputPaths = (
				"${PODS_PODFILE_DIR_PATH}/Podfile.lock",
				"${PODS_ROOT}/Manifest.lock",
			);
			name = "[CP] Check Pods Manifest.lock";
			outputFileListPaths = (
			);
			outputPaths = (
				"$(DERIVED_FILE_DIR)/Pods-Travelly-checkManifestLockResult.txt",
			);
			runOnlyForDeploymentPostprocessing = 0;
			shellPath = /bin/sh;
			shellScript = "diff \"${PODS_PODFILE_DIR_PATH}/Podfile.lock\" \"${PODS_ROOT}/Manifest.lock\" > /dev/null\nif [ $? != 0 ] ; then\n    # print error to STDERR\n    echo \"error: The sandbox is not in sync with the Podfile.lock. Run 'pod install' or update your CocoaPods installation.\" >&2\n    exit 1\nfi\n# This output is used by Xcode 'outputs' to avoid re-running this script phase.\necho \"SUCCESS\" > \"${SCRIPT_OUTPUT_FILE_0}\"\n";
			showEnvVarsInLog = 0;
		};
		71A833E97E7DCBB42E78780B /* [CP] Embed Pods Frameworks */ = {
			isa = PBXShellScriptBuildPhase;
			buildActionMask = 2147483647;
			files = (
			);
			inputFileListPaths = (
				"${PODS_ROOT}/Target Support Files/Pods-Travelly/Pods-Travelly-frameworks-${CONFIGURATION}-input-files.xcfilelist",
			);
			name = "[CP] Embed Pods Frameworks";
			outputFileListPaths = (
				"${PODS_ROOT}/Target Support Files/Pods-Travelly/Pods-Travelly-frameworks-${CONFIGURATION}-output-files.xcfilelist",
			);
			runOnlyForDeploymentPostprocessing = 0;
			shellPath = /bin/sh;
			shellScript = "\"${PODS_ROOT}/Target Support Files/Pods-Travelly/Pods-Travelly-frameworks.sh\"\n";
			showEnvVarsInLog = 0;
		};
/* End PBXShellScriptBuildPhase section */

/* Begin PBXSourcesBuildPhase section */
		CEE890E825D96D5F006EA513 /* Sources */ = {
			isa = PBXSourcesBuildPhase;
			buildActionMask = 2147483647;
			files = (
				CE4B765525E13DC000E4D8EC /* SwinjectContainer.swift in Sources */,
				CE4B765825E13F5600E4D8EC /* DependencyContainerProtocol.swift in Sources */,
				CEA6619325D9BCAD00998F66 /* RegisterProtocols.swift in Sources */,
				CE6829CC25E857F300D894E4 /* LoginInteractor.swift in Sources */,
				CE483F4D25E70F0100806B44 /* AlamofireNetworkService.swift in Sources */,
				CE8F202A25DC672A00B508D8 /* Buttons.swift in Sources */,
				CEA6619025D9BC9900998F66 /* RegisterPresenter.swift in Sources */,
				CEA9AADE25E1C70200BBE98C /* TextFields.swift in Sources */,
				CEA9AAD225E1B83400BBE98C /* RegisterInteractor.swift in Sources */,
				CE483F4A25E70E9B00806B44 /* NetworkProtocol.swift in Sources */,
				CE6829C325E8526D00D894E4 /* LoginProtocols.swift in Sources */,
				CE6829CF25E8583200D894E4 /* LoginData.swift in Sources */,
				CEA9AACF25E1B81100BBE98C /* RegisterRouter.swift in Sources */,
				CEE890F425D96D5F006EA513 /* ViewController.swift in Sources */,
				CE6829C625E8571000D894E4 /* LoginPresenter.swift in Sources */,
				CE8F201925DC636300B508D8 /* AuthViewController.swift in Sources */,
				CE8F201F25DC638500B508D8 /* AuthPresenter.swift in Sources */,
				CEE890F025D96D5F006EA513 /* AppDelegate.swift in Sources */,
				CE8F201C25DC637900B508D8 /* AuthProtocols.swift in Sources */,
				CEE890F225D96D5F006EA513 /* SceneDelegate.swift in Sources */,
				CEA9AACC25E1B65200BBE98C /* RegisterData.swift in Sources */,
				CEA9AAD525E1BA3500BBE98C /* RegisterAssembly.swift in Sources */,
				CE8F202525DC639E00B508D8 /* AuthRouter.swift in Sources */,
				CEA9AADA25E1C67A00BBE98C /* UITextFieldExtension.swift in Sources */,
				CEA6618C25D9BC7700998F66 /* RegisterViewController.swift in Sources */,
				CE6829C025E836EC00D894E4 /* NetworkConfig.swift in Sources */,
				CE4B766225E1504C00E4D8EC /* DependencyRegistratorProtocol.swift in Sources */,
				CE95B41725E07240008DA51C /* LoginViewController.swift in Sources */,
				CE6829C925E8572E00D894E4 /* LoginRouter.swift in Sources */,
				CE8F202225DC639100B508D8 /* AuthAssembly.swift in Sources */,
				CE6829D225E858E900D894E4 /* LoginAssembly.swift in Sources */,
			);
			runOnlyForDeploymentPostprocessing = 0;
		};
/* End PBXSourcesBuildPhase section */

/* Begin PBXVariantGroup section */
		CEE890FA25D96D63006EA513 /* LaunchScreen.storyboard */ = {
			isa = PBXVariantGroup;
			children = (
				CEE890FB25D96D63006EA513 /* Base */,
			);
			name = LaunchScreen.storyboard;
			sourceTree = "<group>";
		};
/* End PBXVariantGroup section */

/* Begin XCBuildConfiguration section */
		CEE890FE25D96D63006EA513 /* Debug */ = {
			isa = XCBuildConfiguration;
			buildSettings = {
				ALWAYS_SEARCH_USER_PATHS = NO;
				CLANG_ANALYZER_NONNULL = YES;
				CLANG_ANALYZER_NUMBER_OBJECT_CONVERSION = YES_AGGRESSIVE;
				CLANG_CXX_LANGUAGE_STANDARD = "gnu++14";
				CLANG_CXX_LIBRARY = "libc++";
				CLANG_ENABLE_MODULES = YES;
				CLANG_ENABLE_OBJC_ARC = YES;
				CLANG_ENABLE_OBJC_WEAK = YES;
				CLANG_WARN_BLOCK_CAPTURE_AUTORELEASING = YES;
				CLANG_WARN_BOOL_CONVERSION = YES;
				CLANG_WARN_COMMA = YES;
				CLANG_WARN_CONSTANT_CONVERSION = YES;
				CLANG_WARN_DEPRECATED_OBJC_IMPLEMENTATIONS = YES;
				CLANG_WARN_DIRECT_OBJC_ISA_USAGE = YES_ERROR;
				CLANG_WARN_DOCUMENTATION_COMMENTS = YES;
				CLANG_WARN_EMPTY_BODY = YES;
				CLANG_WARN_ENUM_CONVERSION = YES;
				CLANG_WARN_INFINITE_RECURSION = YES;
				CLANG_WARN_INT_CONVERSION = YES;
				CLANG_WARN_NON_LITERAL_NULL_CONVERSION = YES;
				CLANG_WARN_OBJC_IMPLICIT_RETAIN_SELF = YES;
				CLANG_WARN_OBJC_LITERAL_CONVERSION = YES;
				CLANG_WARN_OBJC_ROOT_CLASS = YES_ERROR;
				CLANG_WARN_QUOTED_INCLUDE_IN_FRAMEWORK_HEADER = YES;
				CLANG_WARN_RANGE_LOOP_ANALYSIS = YES;
				CLANG_WARN_STRICT_PROTOTYPES = YES;
				CLANG_WARN_SUSPICIOUS_MOVE = YES;
				CLANG_WARN_UNGUARDED_AVAILABILITY = YES_AGGRESSIVE;
				CLANG_WARN_UNREACHABLE_CODE = YES;
				CLANG_WARN__DUPLICATE_METHOD_MATCH = YES;
				COPY_PHASE_STRIP = NO;
				DEBUG_INFORMATION_FORMAT = dwarf;
				ENABLE_STRICT_OBJC_MSGSEND = YES;
				ENABLE_TESTABILITY = YES;
				GCC_C_LANGUAGE_STANDARD = gnu11;
				GCC_DYNAMIC_NO_PIC = NO;
				GCC_NO_COMMON_BLOCKS = YES;
				GCC_OPTIMIZATION_LEVEL = 0;
				GCC_PREPROCESSOR_DEFINITIONS = (
					"DEBUG=1",
					"$(inherited)",
				);
				GCC_WARN_64_TO_32_BIT_CONVERSION = YES;
				GCC_WARN_ABOUT_RETURN_TYPE = YES_ERROR;
				GCC_WARN_UNDECLARED_SELECTOR = YES;
				GCC_WARN_UNINITIALIZED_AUTOS = YES_AGGRESSIVE;
				GCC_WARN_UNUSED_FUNCTION = YES;
				GCC_WARN_UNUSED_VARIABLE = YES;
				IPHONEOS_DEPLOYMENT_TARGET = 14.3;
				MTL_ENABLE_DEBUG_INFO = INCLUDE_SOURCE;
				MTL_FAST_MATH = YES;
				ONLY_ACTIVE_ARCH = YES;
				SDKROOT = iphoneos;
				SWIFT_ACTIVE_COMPILATION_CONDITIONS = DEBUG;
				SWIFT_OPTIMIZATION_LEVEL = "-Onone";
			};
			name = Debug;
		};
		CEE890FF25D96D63006EA513 /* Release */ = {
			isa = XCBuildConfiguration;
			buildSettings = {
				ALWAYS_SEARCH_USER_PATHS = NO;
				CLANG_ANALYZER_NONNULL = YES;
				CLANG_ANALYZER_NUMBER_OBJECT_CONVERSION = YES_AGGRESSIVE;
				CLANG_CXX_LANGUAGE_STANDARD = "gnu++14";
				CLANG_CXX_LIBRARY = "libc++";
				CLANG_ENABLE_MODULES = YES;
				CLANG_ENABLE_OBJC_ARC = YES;
				CLANG_ENABLE_OBJC_WEAK = YES;
				CLANG_WARN_BLOCK_CAPTURE_AUTORELEASING = YES;
				CLANG_WARN_BOOL_CONVERSION = YES;
				CLANG_WARN_COMMA = YES;
				CLANG_WARN_CONSTANT_CONVERSION = YES;
				CLANG_WARN_DEPRECATED_OBJC_IMPLEMENTATIONS = YES;
				CLANG_WARN_DIRECT_OBJC_ISA_USAGE = YES_ERROR;
				CLANG_WARN_DOCUMENTATION_COMMENTS = YES;
				CLANG_WARN_EMPTY_BODY = YES;
				CLANG_WARN_ENUM_CONVERSION = YES;
				CLANG_WARN_INFINITE_RECURSION = YES;
				CLANG_WARN_INT_CONVERSION = YES;
				CLANG_WARN_NON_LITERAL_NULL_CONVERSION = YES;
				CLANG_WARN_OBJC_IMPLICIT_RETAIN_SELF = YES;
				CLANG_WARN_OBJC_LITERAL_CONVERSION = YES;
				CLANG_WARN_OBJC_ROOT_CLASS = YES_ERROR;
				CLANG_WARN_QUOTED_INCLUDE_IN_FRAMEWORK_HEADER = YES;
				CLANG_WARN_RANGE_LOOP_ANALYSIS = YES;
				CLANG_WARN_STRICT_PROTOTYPES = YES;
				CLANG_WARN_SUSPICIOUS_MOVE = YES;
				CLANG_WARN_UNGUARDED_AVAILABILITY = YES_AGGRESSIVE;
				CLANG_WARN_UNREACHABLE_CODE = YES;
				CLANG_WARN__DUPLICATE_METHOD_MATCH = YES;
				COPY_PHASE_STRIP = NO;
				DEBUG_INFORMATION_FORMAT = "dwarf-with-dsym";
				ENABLE_NS_ASSERTIONS = NO;
				ENABLE_STRICT_OBJC_MSGSEND = YES;
				GCC_C_LANGUAGE_STANDARD = gnu11;
				GCC_NO_COMMON_BLOCKS = YES;
				GCC_WARN_64_TO_32_BIT_CONVERSION = YES;
				GCC_WARN_ABOUT_RETURN_TYPE = YES_ERROR;
				GCC_WARN_UNDECLARED_SELECTOR = YES;
				GCC_WARN_UNINITIALIZED_AUTOS = YES_AGGRESSIVE;
				GCC_WARN_UNUSED_FUNCTION = YES;
				GCC_WARN_UNUSED_VARIABLE = YES;
				IPHONEOS_DEPLOYMENT_TARGET = 14.3;
				MTL_ENABLE_DEBUG_INFO = NO;
				MTL_FAST_MATH = YES;
				SDKROOT = iphoneos;
				SWIFT_COMPILATION_MODE = wholemodule;
				SWIFT_OPTIMIZATION_LEVEL = "-O";
				VALIDATE_PRODUCT = YES;
			};
			name = Release;
		};
		CEE8910125D96D63006EA513 /* Debug */ = {
			isa = XCBuildConfiguration;
			baseConfigurationReference = E4C10CDA75BCD99143C07D32 /* Pods-Travelly.debug.xcconfig */;
			buildSettings = {
				ASSETCATALOG_COMPILER_APPICON_NAME = AppIcon;
				ASSETCATALOG_COMPILER_GLOBAL_ACCENT_COLOR_NAME = AccentColor;
				CODE_SIGN_STYLE = Automatic;
				DEVELOPMENT_TEAM = YP62A52W5G;
				INFOPLIST_FILE = Travelly/Info.plist;
				LD_RUNPATH_SEARCH_PATHS = (
					"$(inherited)",
					"@executable_path/Frameworks",
				);
				PRODUCT_BUNDLE_IDENTIFIER = com.smartduck.Travelly;
				PRODUCT_NAME = "$(TARGET_NAME)";
				SWIFT_VERSION = 5.0;
				TARGETED_DEVICE_FAMILY = 1;
			};
			name = Debug;
		};
		CEE8910225D96D63006EA513 /* Release */ = {
			isa = XCBuildConfiguration;
			baseConfigurationReference = 5E5645290ADEB416C4D241CD /* Pods-Travelly.release.xcconfig */;
			buildSettings = {
				ASSETCATALOG_COMPILER_APPICON_NAME = AppIcon;
				ASSETCATALOG_COMPILER_GLOBAL_ACCENT_COLOR_NAME = AccentColor;
				CODE_SIGN_STYLE = Automatic;
				DEVELOPMENT_TEAM = YP62A52W5G;
				INFOPLIST_FILE = Travelly/Info.plist;
				LD_RUNPATH_SEARCH_PATHS = (
					"$(inherited)",
					"@executable_path/Frameworks",
				);
				PRODUCT_BUNDLE_IDENTIFIER = com.smartduck.Travelly;
				PRODUCT_NAME = "$(TARGET_NAME)";
				SWIFT_VERSION = 5.0;
				TARGETED_DEVICE_FAMILY = 1;
			};
			name = Release;
		};
/* End XCBuildConfiguration section */

/* Begin XCConfigurationList section */
		CEE890E725D96D5F006EA513 /* Build configuration list for PBXProject "Travelly" */ = {
			isa = XCConfigurationList;
			buildConfigurations = (
				CEE890FE25D96D63006EA513 /* Debug */,
				CEE890FF25D96D63006EA513 /* Release */,
			);
			defaultConfigurationIsVisible = 0;
			defaultConfigurationName = Release;
		};
		CEE8910025D96D63006EA513 /* Build configuration list for PBXNativeTarget "Travelly" */ = {
			isa = XCConfigurationList;
			buildConfigurations = (
				CEE8910125D96D63006EA513 /* Debug */,
				CEE8910225D96D63006EA513 /* Release */,
			);
			defaultConfigurationIsVisible = 0;
			defaultConfigurationName = Release;
		};
/* End XCConfigurationList section */
	};
	rootObject = CEE890E425D96D5F006EA513 /* Project object */;
}
